PODS:
  - ChameleonFramework (1.1.1)
  - DACircularProgress (2.2.0)
  - FXBlurView (1.6.3)
  - JDStatusBarNotification (1.5.0)
  - KIF (3.2.1):
    - KIF/XCTest (= 3.2.1)
  - KIF/XCTest (3.2.1)
  - MBProgressHUD (0.9)
  - MWPhotoBrowser (1.4.1):
    - DACircularProgress
    - MBProgressHUD (~> 0.8)
    - PSTCollectionView (~> 1.2)
    - SDWebImage (~> 3.7)
  - PSTCollectionView (1.2.3)
  - QuickDialog (1.0):
    - QuickDialog/Core (= 1.0)
  - QuickDialog/Core (1.0)
  - ReactiveCocoa (2.3.1):
    - ReactiveCocoa/UI (= 2.3.1)
  - ReactiveCocoa/Core (2.3.1):
    - ReactiveCocoa/no-arc
  - ReactiveCocoa/no-arc (2.3.1)
  - ReactiveCocoa/UI (2.3.1):
    - ReactiveCocoa/Core
  - Realm (0.96.0):
    - Realm/Headers (= 0.96.0)
  - Realm/Headers (0.96.0)
  - SDWebImage (3.7.1):
    - SDWebImage/Core (= 3.7.1)
  - SDWebImage/Core (3.7.1)
  - SupportKit (2.4.0)
  - SVProgressHUD (1.1.2)
  - ViewDeck (2.3.1)

DEPENDENCIES:
  - ChameleonFramework (~> 1.1.1)
  - FXBlurView (~> 1.6.3)
  - JDStatusBarNotification (~> 1.5.0)
  - KIF (~> 3.0)
  - MWPhotoBrowser (~> 1.4.1)
  - QuickDialog (~> 1.0)
  - ReactiveCocoa (~> 2.3.1)
  - Realm (~> 0.96.0)
  - SDWebImage (~> 3.6)
  - SupportKit (~> 2.4.0)
  - SVProgressHUD (~> 1.1.2)
  - ViewDeck (~> 2.3.1)

SPEC CHECKSUMS:
  ChameleonFramework: f824d2afa52182302ef72c706dfe5a8f0597f644
  DACircularProgress: 0f92b77239d5f3c612fc66185e2998391ac8e054
  FXBlurView: c6d23f3d35af2c6282296a2930f61c6e2c788d01
  JDStatusBarNotification: 4ce8494aafef7907646411dd811149a3d73eba42
  KIF: ef1691e54e1d969c3b4fd0b5b56a3d7ddf37f216
  MBProgressHUD: d8e7ea388dc1549a42e0d219067cf5f2c898fb66
  MWPhotoBrowser: 2531e682860d62b8a7ba8659de02eb9040e431e5
  PSTCollectionView: 6749df92885353521f55279a7ce2b293762e2be4
  QuickDialog: ea2e68e0611ec012bcbd9d0e1d703d566a4c7355
  ReactiveCocoa: 334468a83b2c5f669f7cfb9a084415ee23219b4f
  Realm: d1b1eff5264cd6a3158b7a9b6c499d7f6ad3a860
  SDWebImage: ed3095af2ff88b436426037444979b917f6c5575
  SupportKit: 0620a30b87fdbbfc59b53c53697c72036da23d83
  SVProgressHUD: 3afb875b9eb23acd1bed9b82495695c68621a8b2
  ViewDeck: 3e9bfcc36d889155d77ae47811a4d48714ee8d0c

COCOAPODS: 0.39.0
