PODS:
  - ChameleonFramework (2.0.4):
    - ChameleonFramework/Default (= 2.0.4)
  - ChameleonFramework/Default (2.0.4)
  - DACircularProgress (2.3.1)
  - FXBlurView (1.6.3)
  - JDStatusBarNotification (1.5.2)
  - KIF (3.2.1):
    - KIF/XCTest (= 3.2.1)
  - KIF/XCTest (3.2.1)
  - MBProgressHUD (0.9.1)
  - MWPhotoBrowser (2.1.1):
    - DACircularProgress (~> 2.3)
    - MBProgressHUD (~> 0.9)
    - SDWebImage (!= 3.7.2, ~> 3.7)
  - QuickDialog (1.1.0):
    - QuickDialog/Core (= 1.1.0)
  - QuickDialog/Core (1.1.0)
  - ReactiveCocoa (2.3.1):
    - ReactiveCocoa/UI (= 2.3.1)
  - ReactiveCocoa/Core (2.3.1):
    - ReactiveCocoa/no-arc
  - ReactiveCocoa/no-arc (2.3.1)
  - ReactiveCocoa/UI (2.3.1):
    - ReactiveCocoa/Core
  - Realm (0.96.0):
    - Realm/Headers (= 0.96.0)
  - Realm/Headers (0.96.0)
  - SDWebImage (3.7.3):
    - SDWebImage/Core (= 3.7.3)
  - SDWebImage/Core (3.7.3)
  - SupportKit (2.4.0)
  - SVProgressHUD (1.1.2)
  - ViewDeck (2.3.1)

DEPENDENCIES:
  - ChameleonFramework (~> 2.0.4)
  - FXBlurView (~> 1.6.3)
  - JDStatusBarNotification (~> 1.5.2)
  - KIF (~> 3.0)
  - MWPhotoBrowser (~> 2.1.1)
  - QuickDialog (~> 1.1.0)
  - ReactiveCocoa (~> 2.3.1)
  - Realm (~> 0.96.0)
  - SDWebImage (~> 3.6)
  - SupportKit (~> 2.4.0)
  - SVProgressHUD (~> 1.1.2)
  - ViewDeck (~> 2.3.1)

SPEC CHECKSUMS:
  ChameleonFramework: 5abe69b1f2a6cc79c3c435fcd9d3d855748225ee
  DACircularProgress: 4dd437c0fc3da5161cb289e07ac449493d41db71
  FXBlurView: c6d23f3d35af2c6282296a2930f61c6e2c788d01
  JDStatusBarNotification: a36d09ccbb047217572b074a61e7ca10dddc5f0a
  KIF: ef1691e54e1d969c3b4fd0b5b56a3d7ddf37f216
  MBProgressHUD: c47f2c166c126cf2ce36498d80f33e754d4e93ad
  MWPhotoBrowser: ba0d0c09ffda3a7ea10093518738c502c1c7141c
  QuickDialog: 6954450c4c2d003a89fbfee48ec8fa4695436b01
  ReactiveCocoa: 3fe9b233ca6db810e86681b5749488564c1179a1
  Realm: d1b1eff5264cd6a3158b7a9b6c499d7f6ad3a860
  SDWebImage: 1d2b1a1efda1ade1b00b6f8498865f8ddedc8a84
  SupportKit: 0620a30b87fdbbfc59b53c53697c72036da23d83
  SVProgressHUD: 3afb875b9eb23acd1bed9b82495695c68621a8b2
  ViewDeck: 3e9bfcc36d889155d77ae47811a4d48714ee8d0c

PODFILE CHECKSUM: 1f0d1bcf75a9b752bac0fa154e4ac8fe51285ac6

COCOAPODS: 1.1.1
