// !$*UTF8*$!
{
	archiveVersion = 1;
	classes = {
	};
	objectVersion = 46;
	objects = {

/* Begin PBXBuildFile section */
		1C000ED91E570F9C004060A5 /* ImageURLOperation.m in Sources */ = {isa = PBXBuildFile; fileRef = 1C000ED81E570F9C004060A5 /* ImageURLOperation.m */; };
		1C0608431E53473500E6A285 /* GalleryViewController.m in Sources */ = {isa = PBXBuildFile; fileRef = 1C0608421E53473500E6A285 /* GalleryViewController.m */; };
		1C0608471E534ADF00E6A285 /* GalleryCell.m in Sources */ = {isa = PBXBuildFile; fileRef = 1C0608461E534ADF00E6A285 /* GalleryCell.m */; };
		1C1AD0341E49B79800544217 /* main.m in Sources */ = {isa = PBXBuildFile; fileRef = 1C1AD0331E49B79800544217 /* main.m */; };
		1C1AD0371E49B79800544217 /* AppDelegate.m in Sources */ = {isa = PBXBuildFile; fileRef = 1C1AD0361E49B79800544217 /* AppDelegate.m */; };
		1C1AD03D1E49B79800544217 /* Main.storyboard in Resources */ = {isa = PBXBuildFile; fileRef = 1C1AD03B1E49B79800544217 /* Main.storyboard */; };
		1C1AD03F1E49B79800544217 /* Assets.xcassets in Resources */ = {isa = PBXBuildFile; fileRef = 1C1AD03E1E49B79800544217 /* Assets.xcassets */; };
		1C1AD0421E49B79800544217 /* LaunchScreen.storyboard in Resources */ = {isa = PBXBuildFile; fileRef = 1C1AD0401E49B79800544217 /* LaunchScreen.storyboard */; };
		1C7CA72F1E49C13400D94CFB /* HentaiParser.m in Sources */ = {isa = PBXBuildFile; fileRef = 1C7CA72E1E49C13400D94CFB /* HentaiParser.m */; };
		1C9288AF1E5594B8004E796B /* GalleryCollectionViewHandler.m in Sources */ = {isa = PBXBuildFile; fileRef = 1C9288AE1E5594B8004E796B /* GalleryCollectionViewHandler.m */; };
		1C9294E81E4C4330001AB1CE /* ListViewController.m in Sources */ = {isa = PBXBuildFile; fileRef = 1C9294E71E4C4330001AB1CE /* ListViewController.m */; };
		1C9294EC1E4C4A0D001AB1CE /* ListCell.m in Sources */ = {isa = PBXBuildFile; fileRef = 1C9294EB1E4C4A0D001AB1CE /* ListCell.m */; };
		1CA2707E1E50B9F80054AA6E /* EHentaiParser.m in Sources */ = {isa = PBXBuildFile; fileRef = 1CA2707D1E50B9F80054AA6E /* EHentaiParser.m */; };
		1CA270811E50BA0B0054AA6E /* ExHentaiParser.m in Sources */ = {isa = PBXBuildFile; fileRef = 1CA270801E50BA0B0054AA6E /* ExHentaiParser.m */; };
		1CBF60841E4D9ABC000CA9E5 /* FilesManager.m in Sources */ = {isa = PBXBuildFile; fileRef = 1CBF60811E4D9ABC000CA9E5 /* FilesManager.m */; };
		1CBF60851E4D9ABC000CA9E5 /* FMStream.m in Sources */ = {isa = PBXBuildFile; fileRef = 1CBF60831E4D9ABC000CA9E5 /* FMStream.m */; };
		1CE8E5E21E4D7A24005B1B18 /* Couchbase.m in Sources */ = {isa = PBXBuildFile; fileRef = 1CE8E5E11E4D7A24005B1B18 /* Couchbase.m */; };
		1CEC12BE1E500E9A00F3E3C4 /* DaiStorage.m in Sources */ = {isa = PBXBuildFile; fileRef = 1CEC12B11E500E9A00F3E3C4 /* DaiStorage.m */; };
		1CEC12BF1E500E9A00F3E3C4 /* DaiStorageArray.m in Sources */ = {isa = PBXBuildFile; fileRef = 1CEC12B31E500E9A00F3E3C4 /* DaiStorageArray.m */; };
		1CEC12C01E500E9A00F3E3C4 /* DaiStoragePath.m in Sources */ = {isa = PBXBuildFile; fileRef = 1CEC12B71E500E9A00F3E3C4 /* DaiStoragePath.m */; };
		1CEC12C11E500E9A00F3E3C4 /* DaiStoragePropertiesInObject.m in Sources */ = {isa = PBXBuildFile; fileRef = 1CEC12B91E500E9A00F3E3C4 /* DaiStoragePropertiesInObject.m */; };
		1CEC12C21E500E9A00F3E3C4 /* DaiStorageProperty.m in Sources */ = {isa = PBXBuildFile; fileRef = 1CEC12BB1E500E9A00F3E3C4 /* DaiStorageProperty.m */; };
		1CEC12C31E500E9A00F3E3C4 /* DaiStorageTypeChecking.m in Sources */ = {isa = PBXBuildFile; fileRef = 1CEC12BD1E500E9A00F3E3C4 /* DaiStorageTypeChecking.m */; };
		1CEC12C81E500F9300F3E3C4 /* HentaiInfo.m in Sources */ = {isa = PBXBuildFile; fileRef = 1CEC12C71E500F9300F3E3C4 /* HentaiInfo.m */; };
		4DC6F4FDFFA849038487E4D8 /* libPods-Dai-Hentai.a in Frameworks */ = {isa = PBXBuildFile; fileRef = 88F4AEC071F70AFD3813A609 /* libPods-Dai-Hentai.a */; };
/* End PBXBuildFile section */

/* Begin PBXFileReference section */
		19DB5C474C0FD71A14F15120 /* Pods-Dai-Hentai.debug.xcconfig */ = {isa = PBXFileReference; includeInIndex = 1; lastKnownFileType = text.xcconfig; name = "Pods-Dai-Hentai.debug.xcconfig"; path = "Pods/Target Support Files/Pods-Dai-Hentai/Pods-Dai-Hentai.debug.xcconfig"; sourceTree = "<group>"; };
		1A6E9F07B9A9588FE4ECFCA8 /* Pods-Dai-Hentai.release.xcconfig */ = {isa = PBXFileReference; includeInIndex = 1; lastKnownFileType = text.xcconfig; name = "Pods-Dai-Hentai.release.xcconfig"; path = "Pods/Target Support Files/Pods-Dai-Hentai/Pods-Dai-Hentai.release.xcconfig"; sourceTree = "<group>"; };
		1C000ED71E570F9C004060A5 /* ImageURLOperation.h */ = {isa = PBXFileReference; fileEncoding = 4; lastKnownFileType = sourcecode.c.h; path = ImageURLOperation.h; sourceTree = "<group>"; };
		1C000ED81E570F9C004060A5 /* ImageURLOperation.m */ = {isa = PBXFileReference; fileEncoding = 4; lastKnownFileType = sourcecode.c.objc; path = ImageURLOperation.m; sourceTree = "<group>"; };
		1C0608411E53473500E6A285 /* GalleryViewController.h */ = {isa = PBXFileReference; fileEncoding = 4; lastKnownFileType = sourcecode.c.h; path = GalleryViewController.h; sourceTree = "<group>"; };
		1C0608421E53473500E6A285 /* GalleryViewController.m */ = {isa = PBXFileReference; fileEncoding = 4; lastKnownFileType = sourcecode.c.objc; path = GalleryViewController.m; sourceTree = "<group>"; };
		1C0608451E534ADF00E6A285 /* GalleryCell.h */ = {isa = PBXFileReference; fileEncoding = 4; lastKnownFileType = sourcecode.c.h; path = GalleryCell.h; sourceTree = "<group>"; };
		1C0608461E534ADF00E6A285 /* GalleryCell.m */ = {isa = PBXFileReference; fileEncoding = 4; lastKnownFileType = sourcecode.c.objc; path = GalleryCell.m; sourceTree = "<group>"; };
		1C1AD02F1E49B79800544217 /* Dai-Hentai.app */ = {isa = PBXFileReference; explicitFileType = wrapper.application; includeInIndex = 0; path = "Dai-Hentai.app"; sourceTree = BUILT_PRODUCTS_DIR; };
		1C1AD0331E49B79800544217 /* main.m */ = {isa = PBXFileReference; lastKnownFileType = sourcecode.c.objc; path = main.m; sourceTree = "<group>"; };
		1C1AD0351E49B79800544217 /* AppDelegate.h */ = {isa = PBXFileReference; lastKnownFileType = sourcecode.c.h; path = AppDelegate.h; sourceTree = "<group>"; };
		1C1AD0361E49B79800544217 /* AppDelegate.m */ = {isa = PBXFileReference; lastKnownFileType = sourcecode.c.objc; path = AppDelegate.m; sourceTree = "<group>"; };
		1C1AD03C1E49B79800544217 /* Base */ = {isa = PBXFileReference; lastKnownFileType = file.storyboard; name = Base; path = Base.lproj/Main.storyboard; sourceTree = "<group>"; };
		1C1AD03E1E49B79800544217 /* Assets.xcassets */ = {isa = PBXFileReference; lastKnownFileType = folder.assetcatalog; path = Assets.xcassets; sourceTree = "<group>"; };
		1C1AD0411E49B79800544217 /* Base */ = {isa = PBXFileReference; lastKnownFileType = file.storyboard; name = Base; path = Base.lproj/LaunchScreen.storyboard; sourceTree = "<group>"; };
		1C1AD0431E49B79800544217 /* Info.plist */ = {isa = PBXFileReference; lastKnownFileType = text.plist.xml; path = Info.plist; sourceTree = "<group>"; };
		1C7CA72D1E49C13400D94CFB /* HentaiParser.h */ = {isa = PBXFileReference; fileEncoding = 4; lastKnownFileType = sourcecode.c.h; path = HentaiParser.h; sourceTree = "<group>"; };
		1C7CA72E1E49C13400D94CFB /* HentaiParser.m */ = {isa = PBXFileReference; fileEncoding = 4; lastKnownFileType = sourcecode.c.objc; path = HentaiParser.m; sourceTree = "<group>"; };
		1C9288AD1E5594B8004E796B /* GalleryCollectionViewHandler.h */ = {isa = PBXFileReference; fileEncoding = 4; lastKnownFileType = sourcecode.c.h; path = GalleryCollectionViewHandler.h; sourceTree = "<group>"; };
		1C9288AE1E5594B8004E796B /* GalleryCollectionViewHandler.m */ = {isa = PBXFileReference; fileEncoding = 4; lastKnownFileType = sourcecode.c.objc; path = GalleryCollectionViewHandler.m; sourceTree = "<group>"; };
		1C9294E61E4C4330001AB1CE /* ListViewController.h */ = {isa = PBXFileReference; fileEncoding = 4; lastKnownFileType = sourcecode.c.h; path = ListViewController.h; sourceTree = "<group>"; };
		1C9294E71E4C4330001AB1CE /* ListViewController.m */ = {isa = PBXFileReference; fileEncoding = 4; lastKnownFileType = sourcecode.c.objc; path = ListViewController.m; sourceTree = "<group>"; };
		1C9294EA1E4C4A0D001AB1CE /* ListCell.h */ = {isa = PBXFileReference; fileEncoding = 4; lastKnownFileType = sourcecode.c.h; path = ListCell.h; sourceTree = "<group>"; };
		1C9294EB1E4C4A0D001AB1CE /* ListCell.m */ = {isa = PBXFileReference; fileEncoding = 4; lastKnownFileType = sourcecode.c.objc; path = ListCell.m; sourceTree = "<group>"; };
		1CA2707C1E50B9F80054AA6E /* EHentaiParser.h */ = {isa = PBXFileReference; fileEncoding = 4; lastKnownFileType = sourcecode.c.h; path = EHentaiParser.h; sourceTree = "<group>"; };
		1CA2707D1E50B9F80054AA6E /* EHentaiParser.m */ = {isa = PBXFileReference; fileEncoding = 4; lastKnownFileType = sourcecode.c.objc; path = EHentaiParser.m; sourceTree = "<group>"; };
		1CA2707F1E50BA0B0054AA6E /* ExHentaiParser.h */ = {isa = PBXFileReference; fileEncoding = 4; lastKnownFileType = sourcecode.c.h; path = ExHentaiParser.h; sourceTree = "<group>"; };
		1CA270801E50BA0B0054AA6E /* ExHentaiParser.m */ = {isa = PBXFileReference; fileEncoding = 4; lastKnownFileType = sourcecode.c.objc; path = ExHentaiParser.m; sourceTree = "<group>"; };
		1CBF60801E4D9ABC000CA9E5 /* FilesManager.h */ = {isa = PBXFileReference; fileEncoding = 4; lastKnownFileType = sourcecode.c.h; path = FilesManager.h; sourceTree = "<group>"; };
		1CBF60811E4D9ABC000CA9E5 /* FilesManager.m */ = {isa = PBXFileReference; fileEncoding = 4; lastKnownFileType = sourcecode.c.objc; path = FilesManager.m; sourceTree = "<group>"; };
		1CBF60821E4D9ABC000CA9E5 /* FMStream.h */ = {isa = PBXFileReference; fileEncoding = 4; lastKnownFileType = sourcecode.c.h; path = FMStream.h; sourceTree = "<group>"; };
		1CBF60831E4D9ABC000CA9E5 /* FMStream.m */ = {isa = PBXFileReference; fileEncoding = 4; lastKnownFileType = sourcecode.c.objc; path = FMStream.m; sourceTree = "<group>"; };
		1CE8E5E01E4D7A24005B1B18 /* Couchbase.h */ = {isa = PBXFileReference; fileEncoding = 4; lastKnownFileType = sourcecode.c.h; path = Couchbase.h; sourceTree = "<group>"; };
		1CE8E5E11E4D7A24005B1B18 /* Couchbase.m */ = {isa = PBXFileReference; fileEncoding = 4; lastKnownFileType = sourcecode.c.objc; path = Couchbase.m; sourceTree = "<group>"; };
		1CEC12B01E500E9A00F3E3C4 /* DaiStorage.h */ = {isa = PBXFileReference; fileEncoding = 4; lastKnownFileType = sourcecode.c.h; path = DaiStorage.h; sourceTree = "<group>"; };
		1CEC12B11E500E9A00F3E3C4 /* DaiStorage.m */ = {isa = PBXFileReference; fileEncoding = 4; lastKnownFileType = sourcecode.c.objc; path = DaiStorage.m; sourceTree = "<group>"; };
		1CEC12B21E500E9A00F3E3C4 /* DaiStorageArray.h */ = {isa = PBXFileReference; fileEncoding = 4; lastKnownFileType = sourcecode.c.h; path = DaiStorageArray.h; sourceTree = "<group>"; };
		1CEC12B31E500E9A00F3E3C4 /* DaiStorageArray.m */ = {isa = PBXFileReference; fileEncoding = 4; lastKnownFileType = sourcecode.c.objc; path = DaiStorageArray.m; sourceTree = "<group>"; };
		1CEC12B41E500E9A00F3E3C4 /* DaiStorageDefine.h */ = {isa = PBXFileReference; fileEncoding = 4; lastKnownFileType = sourcecode.c.h; path = DaiStorageDefine.h; sourceTree = "<group>"; };
		1CEC12B61E500E9A00F3E3C4 /* DaiStoragePath.h */ = {isa = PBXFileReference; fileEncoding = 4; lastKnownFileType = sourcecode.c.h; path = DaiStoragePath.h; sourceTree = "<group>"; };
		1CEC12B71E500E9A00F3E3C4 /* DaiStoragePath.m */ = {isa = PBXFileReference; fileEncoding = 4; lastKnownFileType = sourcecode.c.objc; path = DaiStoragePath.m; sourceTree = "<group>"; };
		1CEC12B81E500E9A00F3E3C4 /* DaiStoragePropertiesInObject.h */ = {isa = PBXFileReference; fileEncoding = 4; lastKnownFileType = sourcecode.c.h; path = DaiStoragePropertiesInObject.h; sourceTree = "<group>"; };
		1CEC12B91E500E9A00F3E3C4 /* DaiStoragePropertiesInObject.m */ = {isa = PBXFileReference; fileEncoding = 4; lastKnownFileType = sourcecode.c.objc; path = DaiStoragePropertiesInObject.m; sourceTree = "<group>"; };
		1CEC12BA1E500E9A00F3E3C4 /* DaiStorageProperty.h */ = {isa = PBXFileReference; fileEncoding = 4; lastKnownFileType = sourcecode.c.h; path = DaiStorageProperty.h; sourceTree = "<group>"; };
		1CEC12BB1E500E9A00F3E3C4 /* DaiStorageProperty.m */ = {isa = PBXFileReference; fileEncoding = 4; lastKnownFileType = sourcecode.c.objc; path = DaiStorageProperty.m; sourceTree = "<group>"; };
		1CEC12BC1E500E9A00F3E3C4 /* DaiStorageTypeChecking.h */ = {isa = PBXFileReference; fileEncoding = 4; lastKnownFileType = sourcecode.c.h; path = DaiStorageTypeChecking.h; sourceTree = "<group>"; };
		1CEC12BD1E500E9A00F3E3C4 /* DaiStorageTypeChecking.m */ = {isa = PBXFileReference; fileEncoding = 4; lastKnownFileType = sourcecode.c.objc; path = DaiStorageTypeChecking.m; sourceTree = "<group>"; };
		1CEC12C61E500F9300F3E3C4 /* HentaiInfo.h */ = {isa = PBXFileReference; fileEncoding = 4; lastKnownFileType = sourcecode.c.h; path = HentaiInfo.h; sourceTree = "<group>"; };
		1CEC12C71E500F9300F3E3C4 /* HentaiInfo.m */ = {isa = PBXFileReference; fileEncoding = 4; lastKnownFileType = sourcecode.c.objc; path = HentaiInfo.m; sourceTree = "<group>"; };
		88F4AEC071F70AFD3813A609 /* libPods-Dai-Hentai.a */ = {isa = PBXFileReference; explicitFileType = archive.ar; includeInIndex = 0; path = "libPods-Dai-Hentai.a"; sourceTree = BUILT_PRODUCTS_DIR; };
/* End PBXFileReference section */

/* Begin PBXFrameworksBuildPhase section */
		1C1AD02C1E49B79800544217 /* Frameworks */ = {
			isa = PBXFrameworksBuildPhase;
			buildActionMask = 2147483647;
			files = (
				4DC6F4FDFFA849038487E4D8 /* libPods-Dai-Hentai.a in Frameworks */,
			);
			runOnlyForDeploymentPostprocessing = 0;
		};
/* End PBXFrameworksBuildPhase section */

/* Begin PBXGroup section */
		1C0608401E53471100E6A285 /* GalleryViewController */ = {
			isa = PBXGroup;
			children = (
				1C0608411E53473500E6A285 /* GalleryViewController.h */,
				1C0608421E53473500E6A285 /* GalleryViewController.m */,
				1C9288AD1E5594B8004E796B /* GalleryCollectionViewHandler.h */,
				1C9288AE1E5594B8004E796B /* GalleryCollectionViewHandler.m */,
			);
			path = GalleryViewController;
			sourceTree = "<group>";
		};
		1C0608441E534AC000E6A285 /* GalleryCell */ = {
			isa = PBXGroup;
			children = (
				1C0608451E534ADF00E6A285 /* GalleryCell.h */,
				1C0608461E534ADF00E6A285 /* GalleryCell.m */,
			);
			path = GalleryCell;
			sourceTree = "<group>";
		};
		1C1AD0261E49B79800544217 = {
			isa = PBXGroup;
			children = (
				1C1AD0311E49B79800544217 /* Dai-Hentai */,
				1C1AD0301E49B79800544217 /* Products */,
				32F097A2BD19786DC4F7D842 /* Pods */,
				C560C138EFC548CADF211306 /* Frameworks */,
			);
			sourceTree = "<group>";
		};
		1C1AD0301E49B79800544217 /* Products */ = {
			isa = PBXGroup;
			children = (
				1C1AD02F1E49B79800544217 /* Dai-Hentai.app */,
			);
			name = Products;
			sourceTree = "<group>";
		};
		1C1AD0311E49B79800544217 /* Dai-Hentai */ = {
			isa = PBXGroup;
			children = (
				1C7CA7291E49BFB600D94CFB /* Models */,
				1C7CA72A1E49BFB600D94CFB /* Views */,
				1C7CA7281E49B95200D94CFB /* ViewControllers */,
				1C1AD0351E49B79800544217 /* AppDelegate.h */,
				1C1AD0361E49B79800544217 /* AppDelegate.m */,
				1C1AD03B1E49B79800544217 /* Main.storyboard */,
				1C1AD03E1E49B79800544217 /* Assets.xcassets */,
				1C1AD0401E49B79800544217 /* LaunchScreen.storyboard */,
				1C1AD0431E49B79800544217 /* Info.plist */,
				1C1AD0321E49B79800544217 /* Supporting Files */,
			);
			path = "Dai-Hentai";
			sourceTree = "<group>";
		};
		1C1AD0321E49B79800544217 /* Supporting Files */ = {
			isa = PBXGroup;
			children = (
				1C1AD0331E49B79800544217 /* main.m */,
			);
			name = "Supporting Files";
			sourceTree = "<group>";
		};
		1C7CA7281E49B95200D94CFB /* ViewControllers */ = {
			isa = PBXGroup;
			children = (
				1C7CA72B1E49C10400D94CFB /* ListViewController */,
				1C0608401E53471100E6A285 /* GalleryViewController */,
			);
			path = ViewControllers;
			sourceTree = "<group>";
		};
		1C7CA7291E49BFB600D94CFB /* Models */ = {
			isa = PBXGroup;
			children = (
				1C7CA72C1E49C13400D94CFB /* HentaiParser */,
				1CBF607F1E4D9ABC000CA9E5 /* FilesManager */,
				1CEC12AE1E500E9A00F3E3C4 /* DaiStorage */,
				1CEC12C41E500F4400F3E3C4 /* DaiStorageModels */,
				1CE8E5DF1E4D7A03005B1B18 /* Couchbase */,
			);
			path = Models;
			sourceTree = "<group>";
		};
		1C7CA72A1E49BFB600D94CFB /* Views */ = {
			isa = PBXGroup;
			children = (
				1C9294E91E4C49EC001AB1CE /* ListCell */,
				1C0608441E534AC000E6A285 /* GalleryCell */,
			);
			path = Views;
			sourceTree = "<group>";
		};
		1C7CA72B1E49C10400D94CFB /* ListViewController */ = {
			isa = PBXGroup;
			children = (
				1C9294E61E4C4330001AB1CE /* ListViewController.h */,
				1C9294E71E4C4330001AB1CE /* ListViewController.m */,
			);
			path = ListViewController;
			sourceTree = "<group>";
		};
		1C7CA72C1E49C13400D94CFB /* HentaiParser */ = {
			isa = PBXGroup;
			children = (
				1C7CA72D1E49C13400D94CFB /* HentaiParser.h */,
				1C7CA72E1E49C13400D94CFB /* HentaiParser.m */,
				1C000ED71E570F9C004060A5 /* ImageURLOperation.h */,
				1C000ED81E570F9C004060A5 /* ImageURLOperation.m */,
				1CA2707C1E50B9F80054AA6E /* EHentaiParser.h */,
				1CA2707D1E50B9F80054AA6E /* EHentaiParser.m */,
				1CA2707F1E50BA0B0054AA6E /* ExHentaiParser.h */,
				1CA270801E50BA0B0054AA6E /* ExHentaiParser.m */,
			);
			path = HentaiParser;
			sourceTree = "<group>";
		};
		1C9294E91E4C49EC001AB1CE /* ListCell */ = {
			isa = PBXGroup;
			children = (
				1C9294EA1E4C4A0D001AB1CE /* ListCell.h */,
				1C9294EB1E4C4A0D001AB1CE /* ListCell.m */,
			);
			path = ListCell;
			sourceTree = "<group>";
		};
		1CBF607F1E4D9ABC000CA9E5 /* FilesManager */ = {
			isa = PBXGroup;
			children = (
				1CBF60801E4D9ABC000CA9E5 /* FilesManager.h */,
				1CBF60811E4D9ABC000CA9E5 /* FilesManager.m */,
				1CBF60821E4D9ABC000CA9E5 /* FMStream.h */,
				1CBF60831E4D9ABC000CA9E5 /* FMStream.m */,
			);
			path = FilesManager;
			sourceTree = "<group>";
		};
		1CE8E5DF1E4D7A03005B1B18 /* Couchbase */ = {
			isa = PBXGroup;
			children = (
				1CE8E5E01E4D7A24005B1B18 /* Couchbase.h */,
				1CE8E5E11E4D7A24005B1B18 /* Couchbase.m */,
			);
			path = Couchbase;
			sourceTree = "<group>";
		};
		1CEC12AE1E500E9A00F3E3C4 /* DaiStorage */ = {
			isa = PBXGroup;
			children = (
				1CEC12AF1E500E9A00F3E3C4 /* Core */,
				1CEC12B51E500E9A00F3E3C4 /* Utility */,
			);
			path = DaiStorage;
			sourceTree = "<group>";
		};
		1CEC12AF1E500E9A00F3E3C4 /* Core */ = {
			isa = PBXGroup;
			children = (
				1CEC12B01E500E9A00F3E3C4 /* DaiStorage.h */,
				1CEC12B11E500E9A00F3E3C4 /* DaiStorage.m */,
				1CEC12B21E500E9A00F3E3C4 /* DaiStorageArray.h */,
				1CEC12B31E500E9A00F3E3C4 /* DaiStorageArray.m */,
				1CEC12B41E500E9A00F3E3C4 /* DaiStorageDefine.h */,
			);
			path = Core;
			sourceTree = "<group>";
		};
		1CEC12B51E500E9A00F3E3C4 /* Utility */ = {
			isa = PBXGroup;
			children = (
				1CEC12B61E500E9A00F3E3C4 /* DaiStoragePath.h */,
				1CEC12B71E500E9A00F3E3C4 /* DaiStoragePath.m */,
				1CEC12B81E500E9A00F3E3C4 /* DaiStoragePropertiesInObject.h */,
				1CEC12B91E500E9A00F3E3C4 /* DaiStoragePropertiesInObject.m */,
				1CEC12BA1E500E9A00F3E3C4 /* DaiStorageProperty.h */,
				1CEC12BB1E500E9A00F3E3C4 /* DaiStorageProperty.m */,
				1CEC12BC1E500E9A00F3E3C4 /* DaiStorageTypeChecking.h */,
				1CEC12BD1E500E9A00F3E3C4 /* DaiStorageTypeChecking.m */,
			);
			path = Utility;
			sourceTree = "<group>";
		};
		1CEC12C41E500F4400F3E3C4 /* DaiStorageModels */ = {
			isa = PBXGroup;
			children = (
				1CEC12C51E500F7B00F3E3C4 /* HentaiInfo */,
			);
			path = DaiStorageModels;
			sourceTree = "<group>";
		};
		1CEC12C51E500F7B00F3E3C4 /* HentaiInfo */ = {
			isa = PBXGroup;
			children = (
				1CEC12C61E500F9300F3E3C4 /* HentaiInfo.h */,
				1CEC12C71E500F9300F3E3C4 /* HentaiInfo.m */,
			);
			path = HentaiInfo;
			sourceTree = "<group>";
		};
		32F097A2BD19786DC4F7D842 /* Pods */ = {
			isa = PBXGroup;
			children = (
				19DB5C474C0FD71A14F15120 /* Pods-Dai-Hentai.debug.xcconfig */,
				1A6E9F07B9A9588FE4ECFCA8 /* Pods-Dai-Hentai.release.xcconfig */,
			);
			name = Pods;
			sourceTree = "<group>";
		};
		C560C138EFC548CADF211306 /* Frameworks */ = {
			isa = PBXGroup;
			children = (
				88F4AEC071F70AFD3813A609 /* libPods-Dai-Hentai.a */,
			);
			name = Frameworks;
			sourceTree = "<group>";
		};
/* End PBXGroup section */

/* Begin PBXNativeTarget section */
		1C1AD02E1E49B79800544217 /* Dai-Hentai */ = {
			isa = PBXNativeTarget;
			buildConfigurationList = 1C1AD0461E49B79800544217 /* Build configuration list for PBXNativeTarget "Dai-Hentai" */;
			buildPhases = (
				5F6B103CB5164C6D1B5F3CB2 /* [CP] Check Pods Manifest.lock */,
				1C1AD02B1E49B79800544217 /* Sources */,
				1C1AD02C1E49B79800544217 /* Frameworks */,
				1C1AD02D1E49B79800544217 /* Resources */,
				8242C7F3CAE38698E20FDCC6 /* [CP] Embed Pods Frameworks */,
				E4A04B382EE4A3F56A06DA93 /* [CP] Copy Pods Resources */,
			);
			buildRules = (
			);
			dependencies = (
			);
			name = "Dai-Hentai";
			productName = "Dai-Hentai";
			productReference = 1C1AD02F1E49B79800544217 /* Dai-Hentai.app */;
			productType = "com.apple.product-type.application";
		};
/* End PBXNativeTarget section */

/* Begin PBXProject section */
		1C1AD0271E49B79800544217 /* Project object */ = {
			isa = PBXProject;
			attributes = {
				LastUpgradeCheck = 0820;
				ORGANIZATIONNAME = DaidoujiChen;
				TargetAttributes = {
					1C1AD02E1E49B79800544217 = {
						CreatedOnToolsVersion = 8.2.1;
						DevelopmentTeam = UGXX2D865W;
						ProvisioningStyle = Automatic;
					};
				};
			};
			buildConfigurationList = 1C1AD02A1E49B79800544217 /* Build configuration list for PBXProject "Dai-Hentai" */;
			compatibilityVersion = "Xcode 3.2";
			developmentRegion = English;
			hasScannedForEncodings = 0;
			knownRegions = (
				en,
				Base,
			);
			mainGroup = 1C1AD0261E49B79800544217;
			productRefGroup = 1C1AD0301E49B79800544217 /* Products */;
			projectDirPath = "";
			projectRoot = "";
			targets = (
				1C1AD02E1E49B79800544217 /* Dai-Hentai */,
			);
		};
/* End PBXProject section */

/* Begin PBXResourcesBuildPhase section */
		1C1AD02D1E49B79800544217 /* Resources */ = {
			isa = PBXResourcesBuildPhase;
			buildActionMask = 2147483647;
			files = (
				1C1AD0421E49B79800544217 /* LaunchScreen.storyboard in Resources */,
				1C1AD03F1E49B79800544217 /* Assets.xcassets in Resources */,
				1C1AD03D1E49B79800544217 /* Main.storyboard in Resources */,
			);
			runOnlyForDeploymentPostprocessing = 0;
		};
/* End PBXResourcesBuildPhase section */

/* Begin PBXShellScriptBuildPhase section */
		5F6B103CB5164C6D1B5F3CB2 /* [CP] Check Pods Manifest.lock */ = {
			isa = PBXShellScriptBuildPhase;
			buildActionMask = 2147483647;
			files = (
			);
			inputPaths = (
			);
			name = "[CP] Check Pods Manifest.lock";
			outputPaths = (
			);
			runOnlyForDeploymentPostprocessing = 0;
			shellPath = /bin/sh;
			shellScript = "diff \"${PODS_ROOT}/../Podfile.lock\" \"${PODS_ROOT}/Manifest.lock\" > /dev/null\nif [ $? != 0 ] ; then\n    # print error to STDERR\n    echo \"error: The sandbox is not in sync with the Podfile.lock. Run 'pod install' or update your CocoaPods installation.\" >&2\n    exit 1\nfi\n";
			showEnvVarsInLog = 0;
		};
		8242C7F3CAE38698E20FDCC6 /* [CP] Embed Pods Frameworks */ = {
			isa = PBXShellScriptBuildPhase;
			buildActionMask = 2147483647;
			files = (
			);
			inputPaths = (
			);
			name = "[CP] Embed Pods Frameworks";
			outputPaths = (
			);
			runOnlyForDeploymentPostprocessing = 0;
			shellPath = /bin/sh;
			shellScript = "\"${SRCROOT}/Pods/Target Support Files/Pods-Dai-Hentai/Pods-Dai-Hentai-frameworks.sh\"\n";
			showEnvVarsInLog = 0;
		};
		E4A04B382EE4A3F56A06DA93 /* [CP] Copy Pods Resources */ = {
			isa = PBXShellScriptBuildPhase;
			buildActionMask = 2147483647;
			files = (
			);
			inputPaths = (
			);
			name = "[CP] Copy Pods Resources";
			outputPaths = (
			);
			runOnlyForDeploymentPostprocessing = 0;
			shellPath = /bin/sh;
			shellScript = "\"${SRCROOT}/Pods/Target Support Files/Pods-Dai-Hentai/Pods-Dai-Hentai-resources.sh\"\n";
			showEnvVarsInLog = 0;
		};
/* End PBXShellScriptBuildPhase section */

/* Begin PBXSourcesBuildPhase section */
		1C1AD02B1E49B79800544217 /* Sources */ = {
			isa = PBXSourcesBuildPhase;
			buildActionMask = 2147483647;
			files = (
				1C1AD0371E49B79800544217 /* AppDelegate.m in Sources */,
				1CBF60841E4D9ABC000CA9E5 /* FilesManager.m in Sources */,
				1CE8E5E21E4D7A24005B1B18 /* Couchbase.m in Sources */,
				1C1AD0341E49B79800544217 /* main.m in Sources */,
				1C0608471E534ADF00E6A285 /* GalleryCell.m in Sources */,
				1CEC12C31E500E9A00F3E3C4 /* DaiStorageTypeChecking.m in Sources */,
				1CBF60851E4D9ABC000CA9E5 /* FMStream.m in Sources */,
				1CEC12C01E500E9A00F3E3C4 /* DaiStoragePath.m in Sources */,
				1CEC12C81E500F9300F3E3C4 /* HentaiInfo.m in Sources */,
				1C9294E81E4C4330001AB1CE /* ListViewController.m in Sources */,
				1CEC12C21E500E9A00F3E3C4 /* DaiStorageProperty.m in Sources */,
				1C000ED91E570F9C004060A5 /* ImageURLOperation.m in Sources */,
				1C0608431E53473500E6A285 /* GalleryViewController.m in Sources */,
				1CEC12C11E500E9A00F3E3C4 /* DaiStoragePropertiesInObject.m in Sources */,
				1C9294EC1E4C4A0D001AB1CE /* ListCell.m in Sources */,
				1C9288AF1E5594B8004E796B /* GalleryCollectionViewHandler.m in Sources */,
				1C7CA72F1E49C13400D94CFB /* HentaiParser.m in Sources */,
				1CEC12BF1E500E9A00F3E3C4 /* DaiStorageArray.m in Sources */,
				1CA2707E1E50B9F80054AA6E /* EHentaiParser.m in Sources */,
				1CA270811E50BA0B0054AA6E /* ExHentaiParser.m in Sources */,
				1CEC12BE1E500E9A00F3E3C4 /* DaiStorage.m in Sources */,
			);
			runOnlyForDeploymentPostprocessing = 0;
		};
/* End PBXSourcesBuildPhase section */

/* Begin PBXVariantGroup section */
		1C1AD03B1E49B79800544217 /* Main.storyboard */ = {
			isa = PBXVariantGroup;
			children = (
				1C1AD03C1E49B79800544217 /* Base */,
			);
			name = Main.storyboard;
			sourceTree = "<group>";
		};
		1C1AD0401E49B79800544217 /* LaunchScreen.storyboard */ = {
			isa = PBXVariantGroup;
			children = (
				1C1AD0411E49B79800544217 /* Base */,
			);
			name = LaunchScreen.storyboard;
			sourceTree = "<group>";
		};
/* End PBXVariantGroup section */

/* Begin XCBuildConfiguration section */
		1C1AD0441E49B79800544217 /* Debug */ = {
			isa = XCBuildConfiguration;
			buildSettings = {
				ALWAYS_SEARCH_USER_PATHS = NO;
				CLANG_ANALYZER_NONNULL = YES;
				CLANG_CXX_LANGUAGE_STANDARD = "gnu++0x";
				CLANG_CXX_LIBRARY = "libc++";
				CLANG_ENABLE_MODULES = YES;
				CLANG_ENABLE_OBJC_ARC = YES;
				CLANG_WARN_BOOL_CONVERSION = YES;
				CLANG_WARN_CONSTANT_CONVERSION = YES;
				CLANG_WARN_DIRECT_OBJC_ISA_USAGE = YES_ERROR;
				CLANG_WARN_DOCUMENTATION_COMMENTS = YES;
				CLANG_WARN_EMPTY_BODY = YES;
				CLANG_WARN_ENUM_CONVERSION = YES;
				CLANG_WARN_INFINITE_RECURSION = YES;
				CLANG_WARN_INT_CONVERSION = YES;
				CLANG_WARN_OBJC_ROOT_CLASS = YES_ERROR;
				CLANG_WARN_SUSPICIOUS_MOVE = YES;
				CLANG_WARN_UNREACHABLE_CODE = YES;
				CLANG_WARN__DUPLICATE_METHOD_MATCH = YES;
				"CODE_SIGN_IDENTITY[sdk=iphoneos*]" = "iPhone Developer";
				COPY_PHASE_STRIP = NO;
				DEBUG_INFORMATION_FORMAT = dwarf;
				ENABLE_STRICT_OBJC_MSGSEND = YES;
				ENABLE_TESTABILITY = YES;
				GCC_C_LANGUAGE_STANDARD = gnu99;
				GCC_DYNAMIC_NO_PIC = NO;
				GCC_NO_COMMON_BLOCKS = YES;
				GCC_OPTIMIZATION_LEVEL = 0;
				GCC_PREPROCESSOR_DEFINITIONS = (
					"DEBUG=1",
					"$(inherited)",
				);
				GCC_WARN_64_TO_32_BIT_CONVERSION = YES;
				GCC_WARN_ABOUT_RETURN_TYPE = YES_ERROR;
				GCC_WARN_UNDECLARED_SELECTOR = YES;
				GCC_WARN_UNINITIALIZED_AUTOS = YES_AGGRESSIVE;
				GCC_WARN_UNUSED_FUNCTION = YES;
				GCC_WARN_UNUSED_VARIABLE = YES;
				IPHONEOS_DEPLOYMENT_TARGET = 10.2;
				MTL_ENABLE_DEBUG_INFO = YES;
				ONLY_ACTIVE_ARCH = YES;
				SDKROOT = iphoneos;
				TARGETED_DEVICE_FAMILY = "1,2";
			};
			name = Debug;
		};
		1C1AD0451E49B79800544217 /* Release */ = {
			isa = XCBuildConfiguration;
			buildSettings = {
				ALWAYS_SEARCH_USER_PATHS = NO;
				CLANG_ANALYZER_NONNULL = YES;
				CLANG_CXX_LANGUAGE_STANDARD = "gnu++0x";
				CLANG_CXX_LIBRARY = "libc++";
				CLANG_ENABLE_MODULES = YES;
				CLANG_ENABLE_OBJC_ARC = YES;
				CLANG_WARN_BOOL_CONVERSION = YES;
				CLANG_WARN_CONSTANT_CONVERSION = YES;
				CLANG_WARN_DIRECT_OBJC_ISA_USAGE = YES_ERROR;
				CLANG_WARN_DOCUMENTATION_COMMENTS = YES;
				CLANG_WARN_EMPTY_BODY = YES;
				CLANG_WARN_ENUM_CONVERSION = YES;
				CLANG_WARN_INFINITE_RECURSION = YES;
				CLANG_WARN_INT_CONVERSION = YES;
				CLANG_WARN_OBJC_ROOT_CLASS = YES_ERROR;
				CLANG_WARN_SUSPICIOUS_MOVE = YES;
				CLANG_WARN_UNREACHABLE_CODE = YES;
				CLANG_WARN__DUPLICATE_METHOD_MATCH = YES;
				"CODE_SIGN_IDENTITY[sdk=iphoneos*]" = "iPhone Developer";
				COPY_PHASE_STRIP = NO;
				DEBUG_INFORMATION_FORMAT = "dwarf-with-dsym";
				ENABLE_NS_ASSERTIONS = NO;
				ENABLE_STRICT_OBJC_MSGSEND = YES;
				GCC_C_LANGUAGE_STANDARD = gnu99;
				GCC_NO_COMMON_BLOCKS = YES;
				GCC_WARN_64_TO_32_BIT_CONVERSION = YES;
				GCC_WARN_ABOUT_RETURN_TYPE = YES_ERROR;
				GCC_WARN_UNDECLARED_SELECTOR = YES;
				GCC_WARN_UNINITIALIZED_AUTOS = YES_AGGRESSIVE;
				GCC_WARN_UNUSED_FUNCTION = YES;
				GCC_WARN_UNUSED_VARIABLE = YES;
				IPHONEOS_DEPLOYMENT_TARGET = 10.2;
				MTL_ENABLE_DEBUG_INFO = NO;
				SDKROOT = iphoneos;
				TARGETED_DEVICE_FAMILY = "1,2";
				VALIDATE_PRODUCT = YES;
			};
			name = Release;
		};
		1C1AD0471E49B79800544217 /* Debug */ = {
			isa = XCBuildConfiguration;
			baseConfigurationReference = 19DB5C474C0FD71A14F15120 /* Pods-Dai-Hentai.debug.xcconfig */;
			buildSettings = {
				ASSETCATALOG_COMPILER_APPICON_NAME = AppIcon;
				DEVELOPMENT_TEAM = UGXX2D865W;
				INFOPLIST_FILE = "Dai-Hentai/Info.plist";
				IPHONEOS_DEPLOYMENT_TARGET = 8.0;
				LD_RUNPATH_SEARCH_PATHS = "$(inherited) @executable_path/Frameworks";
				PRODUCT_BUNDLE_IDENTIFIER = "tw.daidouji.Dai-Hentai";
				PRODUCT_NAME = "$(TARGET_NAME)";
			};
			name = Debug;
		};
		1C1AD0481E49B79800544217 /* Release */ = {
			isa = XCBuildConfiguration;
			baseConfigurationReference = 1A6E9F07B9A9588FE4ECFCA8 /* Pods-Dai-Hentai.release.xcconfig */;
			buildSettings = {
				ASSETCATALOG_COMPILER_APPICON_NAME = AppIcon;
				DEVELOPMENT_TEAM = UGXX2D865W;
				INFOPLIST_FILE = "Dai-Hentai/Info.plist";
				IPHONEOS_DEPLOYMENT_TARGET = 8.0;
				LD_RUNPATH_SEARCH_PATHS = "$(inherited) @executable_path/Frameworks";
				PRODUCT_BUNDLE_IDENTIFIER = "tw.daidouji.Dai-Hentai";
				PRODUCT_NAME = "$(TARGET_NAME)";
			};
			name = Release;
		};
/* End XCBuildConfiguration section */

/* Begin XCConfigurationList section */
		1C1AD02A1E49B79800544217 /* Build configuration list for PBXProject "Dai-Hentai" */ = {
			isa = XCConfigurationList;
			buildConfigurations = (
				1C1AD0441E49B79800544217 /* Debug */,
				1C1AD0451E49B79800544217 /* Release */,
			);
			defaultConfigurationIsVisible = 0;
			defaultConfigurationName = Release;
		};
		1C1AD0461E49B79800544217 /* Build configuration list for PBXNativeTarget "Dai-Hentai" */ = {
			isa = XCConfigurationList;
			buildConfigurations = (
				1C1AD0471E49B79800544217 /* Debug */,
				1C1AD0481E49B79800544217 /* Release */,
			);
			defaultConfigurationIsVisible = 0;
			defaultConfigurationName = Release;
		};
/* End XCConfigurationList section */
	};
	rootObject = 1C1AD0271E49B79800544217 /* Project object */;
}
