// !$*UTF8*$!
{
	archiveVersion = 1;
	classes = {
	};
	objectVersion = 46;
	objects = {

/* Begin PBXBuildFile section */
		0103B8BF1A01E6FC00CF314F /* ColorThemeViewController.m in Sources */ = {isa = PBXBuildFile; fileRef = 0103B8BE1A01E6FC00CF314F /* ColorThemeViewController.m */; };
		01051A941A6CDE1A00DE3461 /* GroupSelectViewController.m in Sources */ = {isa = PBXBuildFile; fileRef = 01051A931A6CDE1A00DE3461 /* GroupSelectViewController.m */; };
		0107D9AA19DBF656006C5673 /* UIAlertView+Hentai.m in Sources */ = {isa = PBXBuildFile; fileRef = 0107D9A919DBF656006C5673 /* UIAlertView+Hentai.m */; };
		010E3ADF19E3B93800B866FB /* MobileCoreServices.framework in Frameworks */ = {isa = PBXBuildFile; fileRef = 010E3ADE19E3B93800B866FB /* MobileCoreServices.framework */; };
		010E3AE119E3B94700B866FB /* SystemConfiguration.framework in Frameworks */ = {isa = PBXBuildFile; fileRef = 010E3AE019E3B94700B866FB /* SystemConfiguration.framework */; };
		010E3AE319E3B95200B866FB /* CoreText.framework in Frameworks */ = {isa = PBXBuildFile; fileRef = 010E3AE219E3B95200B866FB /* CoreText.framework */; };
		0118081519B6F06200FE0DA1 /* FakeViewController.m in Sources */ = {isa = PBXBuildFile; fileRef = 0118080719B6F06200FE0DA1 /* FakeViewController.m */; };
		0118081619B6F06200FE0DA1 /* HentaiNavigationController.m in Sources */ = {isa = PBXBuildFile; fileRef = 0118080919B6F06200FE0DA1 /* HentaiNavigationController.m */; };
		0118081919B6F06200FE0DA1 /* MainViewController.m in Sources */ = {isa = PBXBuildFile; fileRef = 0118080F19B6F06200FE0DA1 /* MainViewController.m */; };
		0118081B19B6F06200FE0DA1 /* PhotoViewController.m in Sources */ = {isa = PBXBuildFile; fileRef = 0118081319B6F06200FE0DA1 /* PhotoViewController.m */; };
		0118081C19B6F06200FE0DA1 /* PhotoViewController.xib in Resources */ = {isa = PBXBuildFile; fileRef = 0118081419B6F06200FE0DA1 /* PhotoViewController.xib */; };
		011AEA5119DD28DE00A15CA5 /* SliderViewController.m in Sources */ = {isa = PBXBuildFile; fileRef = 011AEA5019DD28DE00A15CA5 /* SliderViewController.m */; };
		011AEA5619DD296400A15CA5 /* MenuViewController.m in Sources */ = {isa = PBXBuildFile; fileRef = 011AEA5419DD296400A15CA5 /* MenuViewController.m */; };
		011AEA5A19DD31B300A15CA5 /* Menu.plist in Resources */ = {isa = PBXBuildFile; fileRef = 011AEA5919DD31B300A15CA5 /* Menu.plist */; };
		0125A3661A5AD2EB00C52987 /* UIImageView+Hentai.m in Sources */ = {isa = PBXBuildFile; fileRef = 0125A3651A5AD2EB00C52987 /* UIImageView+Hentai.m */; };
		012BE8471A5D33B700F599B8 /* ThemeColorChangeViewController.m in Sources */ = {isa = PBXBuildFile; fileRef = 012BE8461A5D33B700F599B8 /* ThemeColorChangeViewController.m */; };
		01310BD51A00ABBC00C78DFE /* AppDelegate+SupportKit.m in Sources */ = {isa = PBXBuildFile; fileRef = 01310BD41A00ABBC00C78DFE /* AppDelegate+SupportKit.m */; };
		0131908E1A4A5C6B0056F2E6 /* libFlurry_6.0.0.a in Frameworks */ = {isa = PBXBuildFile; fileRef = 0131908D1A4A5C6B0056F2E6 /* libFlurry_6.0.0.a */; };
		0137F40C19C1688200528359 /* HentaiDownloadCenter.m in Sources */ = {isa = PBXBuildFile; fileRef = 0137F40B19C1688200528359 /* HentaiDownloadCenter.m */; };
		0137F40F19C1695800528359 /* HentaiDownloadBookOperation.m in Sources */ = {isa = PBXBuildFile; fileRef = 0137F40E19C1695800528359 /* HentaiDownloadBookOperation.m */; };
		013F8F0E1A490BB1002B8C47 /* HentaiSaveLibrary_HentaiInfo.m in Sources */ = {isa = PBXBuildFile; fileRef = 013F8F0D1A490BB1002B8C47 /* HentaiSaveLibrary_HentaiInfo.m */; };
		013F8F111A490D59002B8C47 /* HentaiSaveLibrary_HentaiResult.m in Sources */ = {isa = PBXBuildFile; fileRef = 013F8F101A490D59002B8C47 /* HentaiSaveLibrary_HentaiResult.m */; };
		013F8F141A490DBA002B8C47 /* HentaiSaveLibrary_Images.m in Sources */ = {isa = PBXBuildFile; fileRef = 013F8F131A490DBA002B8C47 /* HentaiSaveLibrary_Images.m */; };
		013F8F171A490E06002B8C47 /* HentaiSaveLibrary.m in Sources */ = {isa = PBXBuildFile; fileRef = 013F8F161A490E06002B8C47 /* HentaiSaveLibrary.m */; };
		0150034419B6E5E90055F47D /* TFHpple.m in Sources */ = {isa = PBXBuildFile; fileRef = 0150033919B6E5E90055F47D /* TFHpple.m */; };
		0150034519B6E5E90055F47D /* TFHppleElement.m in Sources */ = {isa = PBXBuildFile; fileRef = 0150033B19B6E5E90055F47D /* TFHppleElement.m */; };
		0150034619B6E5E90055F47D /* XPathQuery.m in Sources */ = {isa = PBXBuildFile; fileRef = 0150033D19B6E5E90055F47D /* XPathQuery.m */; };
		01519AF11A3051280091C985 /* IPadPhotoViewController.xib in Resources */ = {isa = PBXBuildFile; fileRef = 01519AF01A3051280091C985 /* IPadPhotoViewController.xib */; };
		01519AF51A3053BA0091C985 /* IPadDownloadManagerCell.xib in Resources */ = {isa = PBXBuildFile; fileRef = 01519AF41A3053BA0091C985 /* IPadDownloadManagerCell.xib */; };
		015B89E819FF9B2500CFA9DE /* SupportKitLocalizable.strings in Resources */ = {isa = PBXBuildFile; fileRef = 015B89E619FF9B2500CFA9DE /* SupportKitLocalizable.strings */; };
		01622DE11A6F415F004D0632 /* DownloadedGroupViewController.m in Sources */ = {isa = PBXBuildFile; fileRef = 01622DDC1A6F415F004D0632 /* DownloadedGroupViewController.m */; };
		01622DE41A6F418B004D0632 /* DownloadedViewController.m in Sources */ = {isa = PBXBuildFile; fileRef = 01622DE31A6F418B004D0632 /* DownloadedViewController.m */; };
		0163E4721A3FD019007C3D58 /* DiveExHentai.m in Sources */ = {isa = PBXBuildFile; fileRef = 0163E4711A3FD019007C3D58 /* DiveExHentai.m */; };
		016A359F19B6FB8A00E3371A /* HentaiParser.m in Sources */ = {isa = PBXBuildFile; fileRef = 016A359E19B6FB8A00E3371A /* HentaiParser.m */; };
		016BBF0B19B94E4F0015E11E /* FilesManager.m in Sources */ = {isa = PBXBuildFile; fileRef = 016BBEFB19B94E4F0015E11E /* FilesManager.m */; };
		016BBF0C19B94E4F0015E11E /* FMStream.m in Sources */ = {isa = PBXBuildFile; fileRef = 016BBEFD19B94E4F0015E11E /* FMStream.m */; };
		016BBF0D19B94E4F0015E11E /* LightWeightPlist+AccessObject.m in Sources */ = {isa = PBXBuildFile; fileRef = 016BBF0019B94E4F0015E11E /* LightWeightPlist+AccessObject.m */; };
		016BBF0E19B94E4F0015E11E /* LightWeightPlist+FilePath.m in Sources */ = {isa = PBXBuildFile; fileRef = 016BBF0219B94E4F0015E11E /* LightWeightPlist+FilePath.m */; };
		016BBF0F19B94E4F0015E11E /* LightWeightPlist+HandleCache.m in Sources */ = {isa = PBXBuildFile; fileRef = 016BBF0419B94E4F0015E11E /* LightWeightPlist+HandleCache.m */; };
		016BBF1019B94E4F0015E11E /* LightWeightPlist+SourceFromDisk.m in Sources */ = {isa = PBXBuildFile; fileRef = 016BBF0619B94E4F0015E11E /* LightWeightPlist+SourceFromDisk.m */; };
		016BBF1119B94E4F0015E11E /* LightWeightPlist.m in Sources */ = {isa = PBXBuildFile; fileRef = 016BBF0819B94E4F0015E11E /* LightWeightPlist.m */; };
		016BBF1219B94E4F0015E11E /* LightWeightPlistObjects.m in Sources */ = {isa = PBXBuildFile; fileRef = 016BBF0A19B94E4F0015E11E /* LightWeightPlistObjects.m */; };
		016BBF1519B953D40015E11E /* HentaiDownloadImageOperation.m in Sources */ = {isa = PBXBuildFile; fileRef = 016BBF1419B953D40015E11E /* HentaiDownloadImageOperation.m */; };
		016DAD9C19E393B900E528BE /* AddressBook.framework in Frameworks */ = {isa = PBXBuildFile; fileRef = 016DAD9B19E393B900E528BE /* AddressBook.framework */; };
		016DAD9E19E393C300E528BE /* MediaPlayer.framework in Frameworks */ = {isa = PBXBuildFile; fileRef = 016DAD9D19E393C300E528BE /* MediaPlayer.framework */; };
		016DADA019E393D600E528BE /* AssetsLibrary.framework in Frameworks */ = {isa = PBXBuildFile; fileRef = 016DAD9F19E393D600E528BE /* AssetsLibrary.framework */; };
		016DADA219E393DF00E528BE /* CoreLocation.framework in Frameworks */ = {isa = PBXBuildFile; fileRef = 016DADA119E393DF00E528BE /* CoreLocation.framework */; };
		016DADA419E393EB00E528BE /* CoreMotion.framework in Frameworks */ = {isa = PBXBuildFile; fileRef = 016DADA319E393EB00E528BE /* CoreMotion.framework */; };
		016DADA619E3940C00E528BE /* Security.framework in Frameworks */ = {isa = PBXBuildFile; fileRef = 016DADA519E3940C00E528BE /* Security.framework */; };
		0171C44A1A9C1D0100320AA8 /* DaiPortal+Internal.m in Sources */ = {isa = PBXBuildFile; fileRef = 0171C4391A9C1D0100320AA8 /* DaiPortal+Internal.m */; };
		0171C44B1A9C1D0100320AA8 /* DaiPortal+Reciver.m in Sources */ = {isa = PBXBuildFile; fileRef = 0171C43B1A9C1D0100320AA8 /* DaiPortal+Reciver.m */; };
		0171C44C1A9C1D0100320AA8 /* DaiPortal+Sender.m in Sources */ = {isa = PBXBuildFile; fileRef = 0171C43D1A9C1D0100320AA8 /* DaiPortal+Sender.m */; };
		0171C44D1A9C1D0100320AA8 /* DaiPortal.m in Sources */ = {isa = PBXBuildFile; fileRef = 0171C43F1A9C1D0100320AA8 /* DaiPortal.m */; };
		0171C44E1A9C1D0100320AA8 /* DaiPortalBlockAnalysis.m in Sources */ = {isa = PBXBuildFile; fileRef = 0171C4421A9C1D0100320AA8 /* DaiPortalBlockAnalysis.m */; };
		0171C44F1A9C1D0100320AA8 /* DaiPortalMessager.m in Sources */ = {isa = PBXBuildFile; fileRef = 0171C4441A9C1D0100320AA8 /* DaiPortalMessager.m */; };
		0171C4501A9C1D0100320AA8 /* DaiPortalPackage.m in Sources */ = {isa = PBXBuildFile; fileRef = 0171C4471A9C1D0100320AA8 /* DaiPortalPackage.m */; };
		0171C4511A9C1D0100320AA8 /* SFExecuteOnDeallocInternalObject.m in Sources */ = {isa = PBXBuildFile; fileRef = 0171C4491A9C1D0100320AA8 /* SFExecuteOnDeallocInternalObject.m */; };
		01758F741A3FE07400677BA2 /* ExMainViewController.m in Sources */ = {isa = PBXBuildFile; fileRef = 01758F731A3FE07400677BA2 /* ExMainViewController.m */; };
		0179766419E27E8D00E9005E /* DownloadManagerCell.m in Sources */ = {isa = PBXBuildFile; fileRef = 0179766219E27E8D00E9005E /* DownloadManagerCell.m */; };
		0179766519E27E8D00E9005E /* DownloadManagerCell.xib in Resources */ = {isa = PBXBuildFile; fileRef = 0179766319E27E8D00E9005E /* DownloadManagerCell.xib */; };
		0179766919E27EC100E9005E /* MenuDefaultCell.m in Sources */ = {isa = PBXBuildFile; fileRef = 0179766819E27EC100E9005E /* MenuDefaultCell.m */; };
		017A536C1A5ABF6F0032C032 /* IPadMainTableViewCell.xib in Resources */ = {isa = PBXBuildFile; fileRef = 017A536B1A5ABF6F0032C032 /* IPadMainTableViewCell.xib */; };
		017AE5C51A00D26A00317939 /* HentaiFilters.plist in Resources */ = {isa = PBXBuildFile; fileRef = 017AE5C41A00D26A00317939 /* HentaiFilters.plist */; };
		017AE5C71A00D7DD00317939 /* HentaiPrefer.plist in Resources */ = {isa = PBXBuildFile; fileRef = 017AE5C61A00D7DD00317939 /* HentaiPrefer.plist */; };
		0180D9161A0210FB002554FC /* exterior@2x.png in Resources */ = {isa = PBXBuildFile; fileRef = 0180D9151A0210FB002554FC /* exterior@2x.png */; };
		0180D91C1A021282002554FC /* exterior@3x.png in Resources */ = {isa = PBXBuildFile; fileRef = 0180D91A1A021282002554FC /* exterior@3x.png */; };
		0180D91F1A0212C8002554FC /* dropbox_copyrighted@2x.png in Resources */ = {isa = PBXBuildFile; fileRef = 0180D91D1A0212C8002554FC /* dropbox_copyrighted@2x.png */; };
		0180D9201A0212C8002554FC /* dropbox_copyrighted@3x.png in Resources */ = {isa = PBXBuildFile; fileRef = 0180D91E1A0212C8002554FC /* dropbox_copyrighted@3x.png */; };
		0180D9271A02139F002554FC /* phone2@2x.png in Resources */ = {isa = PBXBuildFile; fileRef = 0180D9251A02139F002554FC /* phone2@2x.png */; };
		0180D9281A02139F002554FC /* phone2@3x.png in Resources */ = {isa = PBXBuildFile; fileRef = 0180D9261A02139F002554FC /* phone2@3x.png */; };
		0180D92B1A02140E002554FC /* settings@2x.png in Resources */ = {isa = PBXBuildFile; fileRef = 0180D9291A02140E002554FC /* settings@2x.png */; };
		0180D92C1A02140E002554FC /* settings@3x.png in Resources */ = {isa = PBXBuildFile; fileRef = 0180D92A1A02140E002554FC /* settings@3x.png */; };
		0180D92F1A0214AD002554FC /* delivery@2x.png in Resources */ = {isa = PBXBuildFile; fileRef = 0180D92D1A0214AD002554FC /* delivery@2x.png */; };
		0180D9301A0214AD002554FC /* delivery@3x.png in Resources */ = {isa = PBXBuildFile; fileRef = 0180D92E1A0214AD002554FC /* delivery@3x.png */; };
		01813D321A6F7E9C006DA12A /* DownloadedGroupFilterViewController.m in Sources */ = {isa = PBXBuildFile; fileRef = 01813D311A6F7E9C006DA12A /* DownloadedGroupFilterViewController.m */; };
		01821A1B1A5A76FA007E5A76 /* MainTableViewCell.m in Sources */ = {isa = PBXBuildFile; fileRef = 01821A191A5A76FA007E5A76 /* MainTableViewCell.m */; };
		01821A1C1A5A76FA007E5A76 /* MainTableViewCell.xib in Resources */ = {isa = PBXBuildFile; fileRef = 01821A1A1A5A76FA007E5A76 /* MainTableViewCell.xib */; };
		018258421A5FC39800FA4678 /* HentaiSettingsV2.plist in Resources */ = {isa = PBXBuildFile; fileRef = 018258411A5FC39800FA4678 /* HentaiSettingsV2.plist */; };
		019290251A25D6C70094B423 /* NSObject+DaiPortal.m in Sources */ = {isa = PBXBuildFile; fileRef = 019290201A25D6C70094B423 /* NSObject+DaiPortal.m */; };
		0199268919ADDB83009F814B /* Foundation.framework in Frameworks */ = {isa = PBXBuildFile; fileRef = 0199268819ADDB83009F814B /* Foundation.framework */; };
		0199268B19ADDB83009F814B /* CoreGraphics.framework in Frameworks */ = {isa = PBXBuildFile; fileRef = 0199268A19ADDB83009F814B /* CoreGraphics.framework */; };
		0199268D19ADDB83009F814B /* UIKit.framework in Frameworks */ = {isa = PBXBuildFile; fileRef = 0199268C19ADDB83009F814B /* UIKit.framework */; };
		0199269319ADDB83009F814B /* InfoPlist.strings in Resources */ = {isa = PBXBuildFile; fileRef = 0199269119ADDB83009F814B /* InfoPlist.strings */; };
		0199269519ADDB83009F814B /* main.m in Sources */ = {isa = PBXBuildFile; fileRef = 0199269419ADDB83009F814B /* main.m */; };
		0199269919ADDB83009F814B /* AppDelegate.m in Sources */ = {isa = PBXBuildFile; fileRef = 0199269819ADDB83009F814B /* AppDelegate.m */; };
		019926A119ADDB83009F814B /* Images.xcassets in Resources */ = {isa = PBXBuildFile; fileRef = 019926A019ADDB83009F814B /* Images.xcassets */; };
		019A28D01A64F16D006C1618 /* SearchFilterV2ViewController.m in Sources */ = {isa = PBXBuildFile; fileRef = 019A28CF1A64F16D006C1618 /* SearchFilterV2ViewController.m */; };
		019E11841A5D198F0053581F /* HentaiSettingManager.m in Sources */ = {isa = PBXBuildFile; fileRef = 019E11831A5D198F0053581F /* HentaiSettingManager.m */; };
		01A166EC19E28D5E00203360 /* NSDictionary+Hentai.m in Sources */ = {isa = PBXBuildFile; fileRef = 01A166EB19E28D5E00203360 /* NSDictionary+Hentai.m */; };
		01A907F01A493A96006F4179 /* HentaiCacheLibrary.m in Sources */ = {isa = PBXBuildFile; fileRef = 01A907EF1A493A96006F4179 /* HentaiCacheLibrary.m */; };
		01AD623E1A5797D500962CBD /* SettingV2ViewController.m in Sources */ = {isa = PBXBuildFile; fileRef = 01AD623D1A5797D500962CBD /* SettingV2ViewController.m */; };
		01B423211A44136400FAB920 /* Pgyer.a in Frameworks */ = {isa = PBXBuildFile; fileRef = 01B4231F1A44136400FAB920 /* Pgyer.a */; };
		01BB0FC11A6CDBBF002FEFC7 /* GroupManager.m in Sources */ = {isa = PBXBuildFile; fileRef = 01BB0FC01A6CDBBF002FEFC7 /* GroupManager.m */; };
		01BBD60119E3D428003538CF /* HentaiPhotoCell.m in Sources */ = {isa = PBXBuildFile; fileRef = 01BBD5FF19E3D428003538CF /* HentaiPhotoCell.m */; };
		01BBD60219E3D428003538CF /* HentaiPhotoCell.xib in Resources */ = {isa = PBXBuildFile; fileRef = 01BBD60019E3D428003538CF /* HentaiPhotoCell.xib */; };
		01CD0E2E19DE808B006155FD /* DownloadManagerViewController.m in Sources */ = {isa = PBXBuildFile; fileRef = 01CD0E2C19DE808B006155FD /* DownloadManagerViewController.m */; };
		01D068E31A5AACF40062971E /* UIView+Hentai.m in Sources */ = {isa = PBXBuildFile; fileRef = 01D068E21A5AACF40062971E /* UIView+Hentai.m */; };
		01FB6FD419E23FB4006CBEF2 /* NSString+Hentai.m in Sources */ = {isa = PBXBuildFile; fileRef = 01FB6FD319E23FB4006CBEF2 /* NSString+Hentai.m */; };
		32CA5E85EA0A4F0184817634 /* libPods.a in Frameworks */ = {isa = PBXBuildFile; fileRef = E356769FC894496F8A03AC25 /* libPods.a */; };
/* End PBXBuildFile section */

/* Begin PBXFileReference section */
		0103B8BD1A01E6FC00CF314F /* ColorThemeViewController.h */ = {isa = PBXFileReference; fileEncoding = 4; lastKnownFileType = sourcecode.c.h; path = ColorThemeViewController.h; sourceTree = "<group>"; };
		0103B8BE1A01E6FC00CF314F /* ColorThemeViewController.m */ = {isa = PBXFileReference; fileEncoding = 4; lastKnownFileType = sourcecode.c.objc; path = ColorThemeViewController.m; sourceTree = "<group>"; };
		01051A921A6CDE1A00DE3461 /* GroupSelectViewController.h */ = {isa = PBXFileReference; fileEncoding = 4; lastKnownFileType = sourcecode.c.h; path = GroupSelectViewController.h; sourceTree = "<group>"; };
		01051A931A6CDE1A00DE3461 /* GroupSelectViewController.m */ = {isa = PBXFileReference; fileEncoding = 4; lastKnownFileType = sourcecode.c.objc; path = GroupSelectViewController.m; sourceTree = "<group>"; };
		0107D9A819DBF656006C5673 /* UIAlertView+Hentai.h */ = {isa = PBXFileReference; fileEncoding = 4; lastKnownFileType = sourcecode.c.h; path = "UIAlertView+Hentai.h"; sourceTree = "<group>"; };
		0107D9A919DBF656006C5673 /* UIAlertView+Hentai.m */ = {isa = PBXFileReference; fileEncoding = 4; lastKnownFileType = sourcecode.c.objc; path = "UIAlertView+Hentai.m"; sourceTree = "<group>"; };
		010E3ADE19E3B93800B866FB /* MobileCoreServices.framework */ = {isa = PBXFileReference; lastKnownFileType = wrapper.framework; name = MobileCoreServices.framework; path = System/Library/Frameworks/MobileCoreServices.framework; sourceTree = SDKROOT; };
		010E3AE019E3B94700B866FB /* SystemConfiguration.framework */ = {isa = PBXFileReference; lastKnownFileType = wrapper.framework; name = SystemConfiguration.framework; path = System/Library/Frameworks/SystemConfiguration.framework; sourceTree = SDKROOT; };
		010E3AE219E3B95200B866FB /* CoreText.framework */ = {isa = PBXFileReference; lastKnownFileType = wrapper.framework; name = CoreText.framework; path = System/Library/Frameworks/CoreText.framework; sourceTree = SDKROOT; };
		0118080619B6F06200FE0DA1 /* FakeViewController.h */ = {isa = PBXFileReference; fileEncoding = 4; lastKnownFileType = sourcecode.c.h; path = FakeViewController.h; sourceTree = "<group>"; };
		0118080719B6F06200FE0DA1 /* FakeViewController.m */ = {isa = PBXFileReference; fileEncoding = 4; lastKnownFileType = sourcecode.c.objc; path = FakeViewController.m; sourceTree = "<group>"; };
		0118080819B6F06200FE0DA1 /* HentaiNavigationController.h */ = {isa = PBXFileReference; fileEncoding = 4; lastKnownFileType = sourcecode.c.h; path = HentaiNavigationController.h; sourceTree = "<group>"; };
		0118080919B6F06200FE0DA1 /* HentaiNavigationController.m */ = {isa = PBXFileReference; fileEncoding = 4; lastKnownFileType = sourcecode.c.objc; path = HentaiNavigationController.m; sourceTree = "<group>"; };
		0118080E19B6F06200FE0DA1 /* MainViewController.h */ = {isa = PBXFileReference; fileEncoding = 4; lastKnownFileType = sourcecode.c.h; path = MainViewController.h; sourceTree = "<group>"; };
		0118080F19B6F06200FE0DA1 /* MainViewController.m */ = {isa = PBXFileReference; fileEncoding = 4; lastKnownFileType = sourcecode.c.objc; path = MainViewController.m; sourceTree = "<group>"; };
		0118081219B6F06200FE0DA1 /* PhotoViewController.h */ = {isa = PBXFileReference; fileEncoding = 4; lastKnownFileType = sourcecode.c.h; path = PhotoViewController.h; sourceTree = "<group>"; };
		0118081319B6F06200FE0DA1 /* PhotoViewController.m */ = {isa = PBXFileReference; fileEncoding = 4; lastKnownFileType = sourcecode.c.objc; path = PhotoViewController.m; sourceTree = "<group>"; };
		0118081419B6F06200FE0DA1 /* PhotoViewController.xib */ = {isa = PBXFileReference; fileEncoding = 4; lastKnownFileType = file.xib; path = PhotoViewController.xib; sourceTree = "<group>"; };
		011AEA4F19DD28DE00A15CA5 /* SliderViewController.h */ = {isa = PBXFileReference; fileEncoding = 4; lastKnownFileType = sourcecode.c.h; name = SliderViewController.h; path = SliderViewController/SliderViewController.h; sourceTree = "<group>"; };
		011AEA5019DD28DE00A15CA5 /* SliderViewController.m */ = {isa = PBXFileReference; fileEncoding = 4; lastKnownFileType = sourcecode.c.objc; name = SliderViewController.m; path = SliderViewController/SliderViewController.m; sourceTree = "<group>"; };
		011AEA5319DD296400A15CA5 /* MenuViewController.h */ = {isa = PBXFileReference; fileEncoding = 4; lastKnownFileType = sourcecode.c.h; name = MenuViewController.h; path = MenuViewController/MenuViewController.h; sourceTree = "<group>"; };
		011AEA5419DD296400A15CA5 /* MenuViewController.m */ = {isa = PBXFileReference; fileEncoding = 4; lastKnownFileType = sourcecode.c.objc; name = MenuViewController.m; path = MenuViewController/MenuViewController.m; sourceTree = "<group>"; };
		011AEA5919DD31B300A15CA5 /* Menu.plist */ = {isa = PBXFileReference; fileEncoding = 4; lastKnownFileType = text.plist.xml; path = Menu.plist; sourceTree = "<group>"; };
		01234D481A5A72B8003ADD31 /* OpenMenuProtocol.h */ = {isa = PBXFileReference; fileEncoding = 4; lastKnownFileType = sourcecode.c.h; path = OpenMenuProtocol.h; sourceTree = "<group>"; };
		0125A3641A5AD2EB00C52987 /* UIImageView+Hentai.h */ = {isa = PBXFileReference; fileEncoding = 4; lastKnownFileType = sourcecode.c.h; path = "UIImageView+Hentai.h"; sourceTree = "<group>"; };
		0125A3651A5AD2EB00C52987 /* UIImageView+Hentai.m */ = {isa = PBXFileReference; fileEncoding = 4; lastKnownFileType = sourcecode.c.objc; path = "UIImageView+Hentai.m"; sourceTree = "<group>"; };
		012BE8451A5D33B700F599B8 /* ThemeColorChangeViewController.h */ = {isa = PBXFileReference; fileEncoding = 4; lastKnownFileType = sourcecode.c.h; name = ThemeColorChangeViewController.h; path = "e-Hentai/SettingViewController/ThemeColorChangeViewController/ThemeColorChangeViewController.h"; sourceTree = SOURCE_ROOT; };
		012BE8461A5D33B700F599B8 /* ThemeColorChangeViewController.m */ = {isa = PBXFileReference; fileEncoding = 4; lastKnownFileType = sourcecode.c.objc; name = ThemeColorChangeViewController.m; path = "e-Hentai/SettingViewController/ThemeColorChangeViewController/ThemeColorChangeViewController.m"; sourceTree = SOURCE_ROOT; };
		01310BD31A00ABBC00C78DFE /* AppDelegate+SupportKit.h */ = {isa = PBXFileReference; fileEncoding = 4; lastKnownFileType = sourcecode.c.h; path = "AppDelegate+SupportKit.h"; sourceTree = "<group>"; };
		01310BD41A00ABBC00C78DFE /* AppDelegate+SupportKit.m */ = {isa = PBXFileReference; fileEncoding = 4; lastKnownFileType = sourcecode.c.objc; path = "AppDelegate+SupportKit.m"; sourceTree = "<group>"; };
		0131908C1A4A5C6B0056F2E6 /* Flurry.h */ = {isa = PBXFileReference; fileEncoding = 4; lastKnownFileType = sourcecode.c.h; path = Flurry.h; sourceTree = "<group>"; };
		0131908D1A4A5C6B0056F2E6 /* libFlurry_6.0.0.a */ = {isa = PBXFileReference; lastKnownFileType = archive.ar; path = libFlurry_6.0.0.a; sourceTree = "<group>"; };
		0137F40A19C1688200528359 /* HentaiDownloadCenter.h */ = {isa = PBXFileReference; fileEncoding = 4; lastKnownFileType = sourcecode.c.h; name = HentaiDownloadCenter.h; path = HentaiDownloadCenter/HentaiDownloadCenter.h; sourceTree = "<group>"; };
		0137F40B19C1688200528359 /* HentaiDownloadCenter.m */ = {isa = PBXFileReference; fileEncoding = 4; lastKnownFileType = sourcecode.c.objc; name = HentaiDownloadCenter.m; path = HentaiDownloadCenter/HentaiDownloadCenter.m; sourceTree = "<group>"; };
		0137F40D19C1695800528359 /* HentaiDownloadBookOperation.h */ = {isa = PBXFileReference; fileEncoding = 4; lastKnownFileType = sourcecode.c.h; name = HentaiDownloadBookOperation.h; path = HentaiDownloadCenter/HentaiDownloadBookOperation.h; sourceTree = "<group>"; };
		0137F40E19C1695800528359 /* HentaiDownloadBookOperation.m */ = {isa = PBXFileReference; fileEncoding = 4; lastKnownFileType = sourcecode.c.objc; name = HentaiDownloadBookOperation.m; path = HentaiDownloadCenter/HentaiDownloadBookOperation.m; sourceTree = "<group>"; };
		013F8F0C1A490BB1002B8C47 /* HentaiSaveLibrary_HentaiInfo.h */ = {isa = PBXFileReference; fileEncoding = 4; lastKnownFileType = sourcecode.c.h; path = HentaiSaveLibrary_HentaiInfo.h; sourceTree = "<group>"; };
		013F8F0D1A490BB1002B8C47 /* HentaiSaveLibrary_HentaiInfo.m */ = {isa = PBXFileReference; fileEncoding = 4; lastKnownFileType = sourcecode.c.objc; path = HentaiSaveLibrary_HentaiInfo.m; sourceTree = "<group>"; };
		013F8F0F1A490D59002B8C47 /* HentaiSaveLibrary_HentaiResult.h */ = {isa = PBXFileReference; fileEncoding = 4; lastKnownFileType = sourcecode.c.h; path = HentaiSaveLibrary_HentaiResult.h; sourceTree = "<group>"; };
		013F8F101A490D59002B8C47 /* HentaiSaveLibrary_HentaiResult.m */ = {isa = PBXFileReference; fileEncoding = 4; lastKnownFileType = sourcecode.c.objc; path = HentaiSaveLibrary_HentaiResult.m; sourceTree = "<group>"; };
		013F8F121A490DBA002B8C47 /* HentaiSaveLibrary_Images.h */ = {isa = PBXFileReference; fileEncoding = 4; lastKnownFileType = sourcecode.c.h; path = HentaiSaveLibrary_Images.h; sourceTree = "<group>"; };
		013F8F131A490DBA002B8C47 /* HentaiSaveLibrary_Images.m */ = {isa = PBXFileReference; fileEncoding = 4; lastKnownFileType = sourcecode.c.objc; path = HentaiSaveLibrary_Images.m; sourceTree = "<group>"; };
		013F8F151A490E06002B8C47 /* HentaiSaveLibrary.h */ = {isa = PBXFileReference; fileEncoding = 4; lastKnownFileType = sourcecode.c.h; path = HentaiSaveLibrary.h; sourceTree = "<group>"; };
		013F8F161A490E06002B8C47 /* HentaiSaveLibrary.m */ = {isa = PBXFileReference; fileEncoding = 4; lastKnownFileType = sourcecode.c.objc; path = HentaiSaveLibrary.m; sourceTree = "<group>"; };
		0150033819B6E5E90055F47D /* TFHpple.h */ = {isa = PBXFileReference; fileEncoding = 4; lastKnownFileType = sourcecode.c.h; path = TFHpple.h; sourceTree = "<group>"; };
		0150033919B6E5E90055F47D /* TFHpple.m */ = {isa = PBXFileReference; fileEncoding = 4; lastKnownFileType = sourcecode.c.objc; path = TFHpple.m; sourceTree = "<group>"; };
		0150033A19B6E5E90055F47D /* TFHppleElement.h */ = {isa = PBXFileReference; fileEncoding = 4; lastKnownFileType = sourcecode.c.h; path = TFHppleElement.h; sourceTree = "<group>"; };
		0150033B19B6E5E90055F47D /* TFHppleElement.m */ = {isa = PBXFileReference; fileEncoding = 4; lastKnownFileType = sourcecode.c.objc; path = TFHppleElement.m; sourceTree = "<group>"; };
		0150033C19B6E5E90055F47D /* XPathQuery.h */ = {isa = PBXFileReference; fileEncoding = 4; lastKnownFileType = sourcecode.c.h; path = XPathQuery.h; sourceTree = "<group>"; };
		0150033D19B6E5E90055F47D /* XPathQuery.m */ = {isa = PBXFileReference; fileEncoding = 4; lastKnownFileType = sourcecode.c.objc; path = XPathQuery.m; sourceTree = "<group>"; };
		01519AF01A3051280091C985 /* IPadPhotoViewController.xib */ = {isa = PBXFileReference; fileEncoding = 4; lastKnownFileType = file.xib; path = IPadPhotoViewController.xib; sourceTree = "<group>"; };
		01519AF41A3053BA0091C985 /* IPadDownloadManagerCell.xib */ = {isa = PBXFileReference; fileEncoding = 4; lastKnownFileType = file.xib; name = IPadDownloadManagerCell.xib; path = DownloadManagerViewController/DownloadManagerCell/IPadDownloadManagerCell.xib; sourceTree = "<group>"; };
		015B89E419FF9AC900CFA9DE /* zh-Hant */ = {isa = PBXFileReference; lastKnownFileType = text.plist.strings; name = "zh-Hant"; path = "zh-Hant.lproj/InfoPlist.strings"; sourceTree = "<group>"; };
		015B89E719FF9B2500CFA9DE /* zh-Hant */ = {isa = PBXFileReference; lastKnownFileType = text.plist.strings; name = "zh-Hant"; path = "zh-Hant.lproj/SupportKitLocalizable.strings"; sourceTree = "<group>"; };
		01622DDC1A6F415F004D0632 /* DownloadedGroupViewController.m */ = {isa = PBXFileReference; fileEncoding = 4; lastKnownFileType = sourcecode.c.objc; path = DownloadedGroupViewController.m; sourceTree = "<group>"; };
		01622DDF1A6F415F004D0632 /* DownloadedViewController.h */ = {isa = PBXFileReference; fileEncoding = 4; lastKnownFileType = sourcecode.c.h; path = DownloadedViewController.h; sourceTree = "<group>"; };
		01622DE31A6F418B004D0632 /* DownloadedViewController.m */ = {isa = PBXFileReference; fileEncoding = 4; lastKnownFileType = sourcecode.c.objc; path = DownloadedViewController.m; sourceTree = "<group>"; };
		01622DE51A6F4192004D0632 /* DownloadedGroupViewController.h */ = {isa = PBXFileReference; fileEncoding = 4; lastKnownFileType = sourcecode.c.h; path = DownloadedGroupViewController.h; sourceTree = "<group>"; };
		0163E4701A3FD019007C3D58 /* DiveExHentai.h */ = {isa = PBXFileReference; fileEncoding = 4; lastKnownFileType = sourcecode.c.h; path = DiveExHentai.h; sourceTree = "<group>"; };
		0163E4711A3FD019007C3D58 /* DiveExHentai.m */ = {isa = PBXFileReference; fileEncoding = 4; lastKnownFileType = sourcecode.c.objc; path = DiveExHentai.m; sourceTree = "<group>"; };
		016A359D19B6FB8A00E3371A /* HentaiParser.h */ = {isa = PBXFileReference; fileEncoding = 4; lastKnownFileType = sourcecode.c.h; path = HentaiParser.h; sourceTree = "<group>"; };
		016A359E19B6FB8A00E3371A /* HentaiParser.m */ = {isa = PBXFileReference; fileEncoding = 4; lastKnownFileType = sourcecode.c.objc; path = HentaiParser.m; sourceTree = "<group>"; };
		016BBEFA19B94E4F0015E11E /* FilesManager.h */ = {isa = PBXFileReference; fileEncoding = 4; lastKnownFileType = sourcecode.c.h; path = FilesManager.h; sourceTree = "<group>"; };
		016BBEFB19B94E4F0015E11E /* FilesManager.m */ = {isa = PBXFileReference; fileEncoding = 4; lastKnownFileType = sourcecode.c.objc; path = FilesManager.m; sourceTree = "<group>"; };
		016BBEFC19B94E4F0015E11E /* FMStream.h */ = {isa = PBXFileReference; fileEncoding = 4; lastKnownFileType = sourcecode.c.h; path = FMStream.h; sourceTree = "<group>"; };
		016BBEFD19B94E4F0015E11E /* FMStream.m */ = {isa = PBXFileReference; fileEncoding = 4; lastKnownFileType = sourcecode.c.objc; path = FMStream.m; sourceTree = "<group>"; };
		016BBEFF19B94E4F0015E11E /* LightWeightPlist+AccessObject.h */ = {isa = PBXFileReference; fileEncoding = 4; lastKnownFileType = sourcecode.c.h; path = "LightWeightPlist+AccessObject.h"; sourceTree = "<group>"; };
		016BBF0019B94E4F0015E11E /* LightWeightPlist+AccessObject.m */ = {isa = PBXFileReference; fileEncoding = 4; lastKnownFileType = sourcecode.c.objc; path = "LightWeightPlist+AccessObject.m"; sourceTree = "<group>"; };
		016BBF0119B94E4F0015E11E /* LightWeightPlist+FilePath.h */ = {isa = PBXFileReference; fileEncoding = 4; lastKnownFileType = sourcecode.c.h; path = "LightWeightPlist+FilePath.h"; sourceTree = "<group>"; };
		016BBF0219B94E4F0015E11E /* LightWeightPlist+FilePath.m */ = {isa = PBXFileReference; fileEncoding = 4; lastKnownFileType = sourcecode.c.objc; path = "LightWeightPlist+FilePath.m"; sourceTree = "<group>"; };
		016BBF0319B94E4F0015E11E /* LightWeightPlist+HandleCache.h */ = {isa = PBXFileReference; fileEncoding = 4; lastKnownFileType = sourcecode.c.h; path = "LightWeightPlist+HandleCache.h"; sourceTree = "<group>"; };
		016BBF0419B94E4F0015E11E /* LightWeightPlist+HandleCache.m */ = {isa = PBXFileReference; fileEncoding = 4; lastKnownFileType = sourcecode.c.objc; path = "LightWeightPlist+HandleCache.m"; sourceTree = "<group>"; };
		016BBF0519B94E4F0015E11E /* LightWeightPlist+SourceFromDisk.h */ = {isa = PBXFileReference; fileEncoding = 4; lastKnownFileType = sourcecode.c.h; path = "LightWeightPlist+SourceFromDisk.h"; sourceTree = "<group>"; };
		016BBF0619B94E4F0015E11E /* LightWeightPlist+SourceFromDisk.m */ = {isa = PBXFileReference; fileEncoding = 4; lastKnownFileType = sourcecode.c.objc; path = "LightWeightPlist+SourceFromDisk.m"; sourceTree = "<group>"; };
		016BBF0719B94E4F0015E11E /* LightWeightPlist.h */ = {isa = PBXFileReference; fileEncoding = 4; lastKnownFileType = sourcecode.c.h; path = LightWeightPlist.h; sourceTree = "<group>"; };
		016BBF0819B94E4F0015E11E /* LightWeightPlist.m */ = {isa = PBXFileReference; fileEncoding = 4; lastKnownFileType = sourcecode.c.objc; path = LightWeightPlist.m; sourceTree = "<group>"; };
		016BBF0919B94E4F0015E11E /* LightWeightPlistObjects.h */ = {isa = PBXFileReference; fileEncoding = 4; lastKnownFileType = sourcecode.c.h; path = LightWeightPlistObjects.h; sourceTree = "<group>"; };
		016BBF0A19B94E4F0015E11E /* LightWeightPlistObjects.m */ = {isa = PBXFileReference; fileEncoding = 4; lastKnownFileType = sourcecode.c.objc; path = LightWeightPlistObjects.m; sourceTree = "<group>"; };
		016BBF1319B953D40015E11E /* HentaiDownloadImageOperation.h */ = {isa = PBXFileReference; fileEncoding = 4; lastKnownFileType = sourcecode.c.h; name = HentaiDownloadImageOperation.h; path = HentaiDownloadCenter/HentaiDownloadImageOperation.h; sourceTree = "<group>"; };
		016BBF1419B953D40015E11E /* HentaiDownloadImageOperation.m */ = {isa = PBXFileReference; fileEncoding = 4; lastKnownFileType = sourcecode.c.objc; name = HentaiDownloadImageOperation.m; path = HentaiDownloadCenter/HentaiDownloadImageOperation.m; sourceTree = "<group>"; };
		016DAD9B19E393B900E528BE /* AddressBook.framework */ = {isa = PBXFileReference; lastKnownFileType = wrapper.framework; name = AddressBook.framework; path = System/Library/Frameworks/AddressBook.framework; sourceTree = SDKROOT; };
		016DAD9D19E393C300E528BE /* MediaPlayer.framework */ = {isa = PBXFileReference; lastKnownFileType = wrapper.framework; name = MediaPlayer.framework; path = System/Library/Frameworks/MediaPlayer.framework; sourceTree = SDKROOT; };
		016DAD9F19E393D600E528BE /* AssetsLibrary.framework */ = {isa = PBXFileReference; lastKnownFileType = wrapper.framework; name = AssetsLibrary.framework; path = System/Library/Frameworks/AssetsLibrary.framework; sourceTree = SDKROOT; };
		016DADA119E393DF00E528BE /* CoreLocation.framework */ = {isa = PBXFileReference; lastKnownFileType = wrapper.framework; name = CoreLocation.framework; path = System/Library/Frameworks/CoreLocation.framework; sourceTree = SDKROOT; };
		016DADA319E393EB00E528BE /* CoreMotion.framework */ = {isa = PBXFileReference; lastKnownFileType = wrapper.framework; name = CoreMotion.framework; path = System/Library/Frameworks/CoreMotion.framework; sourceTree = SDKROOT; };
		016DADA519E3940C00E528BE /* Security.framework */ = {isa = PBXFileReference; lastKnownFileType = wrapper.framework; name = Security.framework; path = System/Library/Frameworks/Security.framework; sourceTree = SDKROOT; };
		0171C4381A9C1D0100320AA8 /* DaiPortal+Internal.h */ = {isa = PBXFileReference; fileEncoding = 4; lastKnownFileType = sourcecode.c.h; path = "DaiPortal+Internal.h"; sourceTree = "<group>"; };
		0171C4391A9C1D0100320AA8 /* DaiPortal+Internal.m */ = {isa = PBXFileReference; fileEncoding = 4; lastKnownFileType = sourcecode.c.objc; path = "DaiPortal+Internal.m"; sourceTree = "<group>"; };
		0171C43A1A9C1D0100320AA8 /* DaiPortal+Reciver.h */ = {isa = PBXFileReference; fileEncoding = 4; lastKnownFileType = sourcecode.c.h; path = "DaiPortal+Reciver.h"; sourceTree = "<group>"; };
		0171C43B1A9C1D0100320AA8 /* DaiPortal+Reciver.m */ = {isa = PBXFileReference; fileEncoding = 4; lastKnownFileType = sourcecode.c.objc; path = "DaiPortal+Reciver.m"; sourceTree = "<group>"; };
		0171C43C1A9C1D0100320AA8 /* DaiPortal+Sender.h */ = {isa = PBXFileReference; fileEncoding = 4; lastKnownFileType = sourcecode.c.h; path = "DaiPortal+Sender.h"; sourceTree = "<group>"; };
		0171C43D1A9C1D0100320AA8 /* DaiPortal+Sender.m */ = {isa = PBXFileReference; fileEncoding = 4; lastKnownFileType = sourcecode.c.objc; path = "DaiPortal+Sender.m"; sourceTree = "<group>"; };
		0171C43E1A9C1D0100320AA8 /* DaiPortal.h */ = {isa = PBXFileReference; fileEncoding = 4; lastKnownFileType = sourcecode.c.h; path = DaiPortal.h; sourceTree = "<group>"; };
		0171C43F1A9C1D0100320AA8 /* DaiPortal.m */ = {isa = PBXFileReference; fileEncoding = 4; lastKnownFileType = sourcecode.c.objc; path = DaiPortal.m; sourceTree = "<group>"; };
		0171C4411A9C1D0100320AA8 /* DaiPortalBlockAnalysis.h */ = {isa = PBXFileReference; fileEncoding = 4; lastKnownFileType = sourcecode.c.h; path = DaiPortalBlockAnalysis.h; sourceTree = "<group>"; };
		0171C4421A9C1D0100320AA8 /* DaiPortalBlockAnalysis.m */ = {isa = PBXFileReference; fileEncoding = 4; lastKnownFileType = sourcecode.c.objc; path = DaiPortalBlockAnalysis.m; sourceTree = "<group>"; };
		0171C4431A9C1D0100320AA8 /* DaiPortalMessager.h */ = {isa = PBXFileReference; fileEncoding = 4; lastKnownFileType = sourcecode.c.h; path = DaiPortalMessager.h; sourceTree = "<group>"; };
		0171C4441A9C1D0100320AA8 /* DaiPortalMessager.m */ = {isa = PBXFileReference; fileEncoding = 4; lastKnownFileType = sourcecode.c.objc; path = DaiPortalMessager.m; sourceTree = "<group>"; };
		0171C4451A9C1D0100320AA8 /* DaiPortalMetaMacros.h */ = {isa = PBXFileReference; fileEncoding = 4; lastKnownFileType = sourcecode.c.h; path = DaiPortalMetaMacros.h; sourceTree = "<group>"; };
		0171C4461A9C1D0100320AA8 /* DaiPortalPackage.h */ = {isa = PBXFileReference; fileEncoding = 4; lastKnownFileType = sourcecode.c.h; path = DaiPortalPackage.h; sourceTree = "<group>"; };
		0171C4471A9C1D0100320AA8 /* DaiPortalPackage.m */ = {isa = PBXFileReference; fileEncoding = 4; lastKnownFileType = sourcecode.c.objc; path = DaiPortalPackage.m; sourceTree = "<group>"; };
		0171C4481A9C1D0100320AA8 /* SFExecuteOnDeallocInternalObject.h */ = {isa = PBXFileReference; fileEncoding = 4; lastKnownFileType = sourcecode.c.h; path = SFExecuteOnDeallocInternalObject.h; sourceTree = "<group>"; };
		0171C4491A9C1D0100320AA8 /* SFExecuteOnDeallocInternalObject.m */ = {isa = PBXFileReference; fileEncoding = 4; lastKnownFileType = sourcecode.c.objc; path = SFExecuteOnDeallocInternalObject.m; sourceTree = "<group>"; };
		01758F721A3FE07400677BA2 /* ExMainViewController.h */ = {isa = PBXFileReference; fileEncoding = 4; lastKnownFileType = sourcecode.c.h; path = ExMainViewController.h; sourceTree = "<group>"; };
		01758F731A3FE07400677BA2 /* ExMainViewController.m */ = {isa = PBXFileReference; fileEncoding = 4; lastKnownFileType = sourcecode.c.objc; path = ExMainViewController.m; sourceTree = "<group>"; };
		0179766119E27E8D00E9005E /* DownloadManagerCell.h */ = {isa = PBXFileReference; fileEncoding = 4; lastKnownFileType = sourcecode.c.h; name = DownloadManagerCell.h; path = DownloadManagerViewController/DownloadManagerCell/DownloadManagerCell.h; sourceTree = "<group>"; };
		0179766219E27E8D00E9005E /* DownloadManagerCell.m */ = {isa = PBXFileReference; fileEncoding = 4; lastKnownFileType = sourcecode.c.objc; name = DownloadManagerCell.m; path = DownloadManagerViewController/DownloadManagerCell/DownloadManagerCell.m; sourceTree = "<group>"; };
		0179766319E27E8D00E9005E /* DownloadManagerCell.xib */ = {isa = PBXFileReference; fileEncoding = 4; lastKnownFileType = file.xib; name = DownloadManagerCell.xib; path = DownloadManagerViewController/DownloadManagerCell/DownloadManagerCell.xib; sourceTree = "<group>"; };
		0179766719E27EC100E9005E /* MenuDefaultCell.h */ = {isa = PBXFileReference; fileEncoding = 4; lastKnownFileType = sourcecode.c.h; name = MenuDefaultCell.h; path = MenuViewController/MenuDefaultCell/MenuDefaultCell.h; sourceTree = "<group>"; };
		0179766819E27EC100E9005E /* MenuDefaultCell.m */ = {isa = PBXFileReference; fileEncoding = 4; lastKnownFileType = sourcecode.c.objc; name = MenuDefaultCell.m; path = MenuViewController/MenuDefaultCell/MenuDefaultCell.m; sourceTree = "<group>"; };
		017A536B1A5ABF6F0032C032 /* IPadMainTableViewCell.xib */ = {isa = PBXFileReference; fileEncoding = 4; lastKnownFileType = file.xib; path = IPadMainTableViewCell.xib; sourceTree = "<group>"; };
		017AE5C41A00D26A00317939 /* HentaiFilters.plist */ = {isa = PBXFileReference; fileEncoding = 4; lastKnownFileType = text.plist.xml; name = HentaiFilters.plist; path = SearchFilterViewController/HentaiFilters.plist; sourceTree = "<group>"; };
		017AE5C61A00D7DD00317939 /* HentaiPrefer.plist */ = {isa = PBXFileReference; fileEncoding = 4; lastKnownFileType = text.plist.xml; name = HentaiPrefer.plist; path = SearchFilterViewController/HentaiPrefer.plist; sourceTree = "<group>"; };
		0180D9151A0210FB002554FC /* exterior@2x.png */ = {isa = PBXFileReference; lastKnownFileType = image.png; path = "exterior@2x.png"; sourceTree = "<group>"; };
		0180D91A1A021282002554FC /* exterior@3x.png */ = {isa = PBXFileReference; lastKnownFileType = image.png; path = "exterior@3x.png"; sourceTree = "<group>"; };
		0180D91D1A0212C8002554FC /* dropbox_copyrighted@2x.png */ = {isa = PBXFileReference; lastKnownFileType = image.png; path = "dropbox_copyrighted@2x.png"; sourceTree = "<group>"; };
		0180D91E1A0212C8002554FC /* dropbox_copyrighted@3x.png */ = {isa = PBXFileReference; lastKnownFileType = image.png; path = "dropbox_copyrighted@3x.png"; sourceTree = "<group>"; };
		0180D9251A02139F002554FC /* phone2@2x.png */ = {isa = PBXFileReference; lastKnownFileType = image.png; path = "phone2@2x.png"; sourceTree = "<group>"; };
		0180D9261A02139F002554FC /* phone2@3x.png */ = {isa = PBXFileReference; lastKnownFileType = image.png; path = "phone2@3x.png"; sourceTree = "<group>"; };
		0180D9291A02140E002554FC /* settings@2x.png */ = {isa = PBXFileReference; lastKnownFileType = image.png; path = "settings@2x.png"; sourceTree = "<group>"; };
		0180D92A1A02140E002554FC /* settings@3x.png */ = {isa = PBXFileReference; lastKnownFileType = image.png; path = "settings@3x.png"; sourceTree = "<group>"; };
		0180D92D1A0214AD002554FC /* delivery@2x.png */ = {isa = PBXFileReference; lastKnownFileType = image.png; path = "delivery@2x.png"; sourceTree = "<group>"; };
		0180D92E1A0214AD002554FC /* delivery@3x.png */ = {isa = PBXFileReference; lastKnownFileType = image.png; path = "delivery@3x.png"; sourceTree = "<group>"; };
		01813D301A6F7E9C006DA12A /* DownloadedGroupFilterViewController.h */ = {isa = PBXFileReference; fileEncoding = 4; lastKnownFileType = sourcecode.c.h; path = DownloadedGroupFilterViewController.h; sourceTree = "<group>"; };
		01813D311A6F7E9C006DA12A /* DownloadedGroupFilterViewController.m */ = {isa = PBXFileReference; fileEncoding = 4; lastKnownFileType = sourcecode.c.objc; path = DownloadedGroupFilterViewController.m; sourceTree = "<group>"; };
		01821A181A5A76FA007E5A76 /* MainTableViewCell.h */ = {isa = PBXFileReference; fileEncoding = 4; lastKnownFileType = sourcecode.c.h; path = MainTableViewCell.h; sourceTree = "<group>"; };
		01821A191A5A76FA007E5A76 /* MainTableViewCell.m */ = {isa = PBXFileReference; fileEncoding = 4; lastKnownFileType = sourcecode.c.objc; path = MainTableViewCell.m; sourceTree = "<group>"; };
		01821A1A1A5A76FA007E5A76 /* MainTableViewCell.xib */ = {isa = PBXFileReference; fileEncoding = 4; lastKnownFileType = file.xib; path = MainTableViewCell.xib; sourceTree = "<group>"; };
		018258411A5FC39800FA4678 /* HentaiSettingsV2.plist */ = {isa = PBXFileReference; fileEncoding = 4; lastKnownFileType = text.plist.xml; name = HentaiSettingsV2.plist; path = SettingViewController/HentaiSettingsV2.plist; sourceTree = "<group>"; };
		0192901F1A25D6C70094B423 /* NSObject+DaiPortal.h */ = {isa = PBXFileReference; fileEncoding = 4; lastKnownFileType = sourcecode.c.h; path = "NSObject+DaiPortal.h"; sourceTree = "<group>"; };
		019290201A25D6C70094B423 /* NSObject+DaiPortal.m */ = {isa = PBXFileReference; fileEncoding = 4; lastKnownFileType = sourcecode.c.objc; path = "NSObject+DaiPortal.m"; sourceTree = "<group>"; };
		0199268519ADDB83009F814B /* e-Hentai.app */ = {isa = PBXFileReference; explicitFileType = wrapper.application; includeInIndex = 0; path = "e-Hentai.app"; sourceTree = BUILT_PRODUCTS_DIR; };
		0199268819ADDB83009F814B /* Foundation.framework */ = {isa = PBXFileReference; lastKnownFileType = wrapper.framework; name = Foundation.framework; path = System/Library/Frameworks/Foundation.framework; sourceTree = SDKROOT; };
		0199268A19ADDB83009F814B /* CoreGraphics.framework */ = {isa = PBXFileReference; lastKnownFileType = wrapper.framework; name = CoreGraphics.framework; path = System/Library/Frameworks/CoreGraphics.framework; sourceTree = SDKROOT; };
		0199268C19ADDB83009F814B /* UIKit.framework */ = {isa = PBXFileReference; lastKnownFileType = wrapper.framework; name = UIKit.framework; path = System/Library/Frameworks/UIKit.framework; sourceTree = SDKROOT; };
		0199269019ADDB83009F814B /* e-Hentai-Info.plist */ = {isa = PBXFileReference; lastKnownFileType = text.plist.xml; path = "e-Hentai-Info.plist"; sourceTree = "<group>"; };
		0199269219ADDB83009F814B /* en */ = {isa = PBXFileReference; lastKnownFileType = text.plist.strings; name = en; path = en.lproj/InfoPlist.strings; sourceTree = "<group>"; };
		0199269419ADDB83009F814B /* main.m */ = {isa = PBXFileReference; lastKnownFileType = sourcecode.c.objc; path = main.m; sourceTree = "<group>"; };
		0199269619ADDB83009F814B /* e-Hentai-Prefix.pch */ = {isa = PBXFileReference; lastKnownFileType = sourcecode.c.h; path = "e-Hentai-Prefix.pch"; sourceTree = "<group>"; };
		0199269719ADDB83009F814B /* AppDelegate.h */ = {isa = PBXFileReference; lastKnownFileType = sourcecode.c.h; path = AppDelegate.h; sourceTree = "<group>"; };
		0199269819ADDB83009F814B /* AppDelegate.m */ = {isa = PBXFileReference; lastKnownFileType = sourcecode.c.objc; path = AppDelegate.m; sourceTree = "<group>"; };
		019926A019ADDB83009F814B /* Images.xcassets */ = {isa = PBXFileReference; lastKnownFileType = folder.assetcatalog; path = Images.xcassets; sourceTree = "<group>"; };
		019926A719ADDB83009F814B /* XCTest.framework */ = {isa = PBXFileReference; lastKnownFileType = wrapper.framework; name = XCTest.framework; path = Library/Frameworks/XCTest.framework; sourceTree = DEVELOPER_DIR; };
		019A28CE1A64F16D006C1618 /* SearchFilterV2ViewController.h */ = {isa = PBXFileReference; fileEncoding = 4; lastKnownFileType = sourcecode.c.h; name = SearchFilterV2ViewController.h; path = SearchFilterViewController/SearchFilterV2ViewController.h; sourceTree = "<group>"; };
		019A28CF1A64F16D006C1618 /* SearchFilterV2ViewController.m */ = {isa = PBXFileReference; fileEncoding = 4; lastKnownFileType = sourcecode.c.objc; name = SearchFilterV2ViewController.m; path = SearchFilterViewController/SearchFilterV2ViewController.m; sourceTree = "<group>"; };
		019E11821A5D198F0053581F /* HentaiSettingManager.h */ = {isa = PBXFileReference; fileEncoding = 4; lastKnownFileType = sourcecode.c.h; name = HentaiSettingManager.h; path = "e-Hentai/SettingViewController/HentaiSettingManager/HentaiSettingManager.h"; sourceTree = SOURCE_ROOT; };
		019E11831A5D198F0053581F /* HentaiSettingManager.m */ = {isa = PBXFileReference; fileEncoding = 4; lastKnownFileType = sourcecode.c.objc; name = HentaiSettingManager.m; path = "e-Hentai/SettingViewController/HentaiSettingManager/HentaiSettingManager.m"; sourceTree = SOURCE_ROOT; };
		01A166EA19E28D5E00203360 /* NSDictionary+Hentai.h */ = {isa = PBXFileReference; fileEncoding = 4; lastKnownFileType = sourcecode.c.h; path = "NSDictionary+Hentai.h"; sourceTree = "<group>"; };
		01A166EB19E28D5E00203360 /* NSDictionary+Hentai.m */ = {isa = PBXFileReference; fileEncoding = 4; lastKnownFileType = sourcecode.c.objc; path = "NSDictionary+Hentai.m"; sourceTree = "<group>"; };
		01A907EE1A493A96006F4179 /* HentaiCacheLibrary.h */ = {isa = PBXFileReference; fileEncoding = 4; lastKnownFileType = sourcecode.c.h; path = HentaiCacheLibrary.h; sourceTree = "<group>"; };
		01A907EF1A493A96006F4179 /* HentaiCacheLibrary.m */ = {isa = PBXFileReference; fileEncoding = 4; lastKnownFileType = sourcecode.c.objc; path = HentaiCacheLibrary.m; sourceTree = "<group>"; };
		01AD623C1A5797D500962CBD /* SettingV2ViewController.h */ = {isa = PBXFileReference; fileEncoding = 4; lastKnownFileType = sourcecode.c.h; name = SettingV2ViewController.h; path = SettingViewController/SettingV2ViewController.h; sourceTree = "<group>"; };
		01AD623D1A5797D500962CBD /* SettingV2ViewController.m */ = {isa = PBXFileReference; fileEncoding = 4; lastKnownFileType = sourcecode.c.objc; name = SettingV2ViewController.m; path = SettingViewController/SettingV2ViewController.m; sourceTree = "<group>"; };
		01B4231F1A44136400FAB920 /* Pgyer.a */ = {isa = PBXFileReference; lastKnownFileType = archive.ar; path = Pgyer.a; sourceTree = "<group>"; };
		01B423201A44136400FAB920 /* Pgyer.h */ = {isa = PBXFileReference; fileEncoding = 4; lastKnownFileType = sourcecode.c.h; path = Pgyer.h; sourceTree = "<group>"; };
		01BB0FBF1A6CDBBF002FEFC7 /* GroupManager.h */ = {isa = PBXFileReference; fileEncoding = 4; lastKnownFileType = sourcecode.c.h; path = GroupManager.h; sourceTree = "<group>"; };
		01BB0FC01A6CDBBF002FEFC7 /* GroupManager.m */ = {isa = PBXFileReference; fileEncoding = 4; lastKnownFileType = sourcecode.c.objc; path = GroupManager.m; sourceTree = "<group>"; };
		01BBD5FE19E3D428003538CF /* HentaiPhotoCell.h */ = {isa = PBXFileReference; fileEncoding = 4; lastKnownFileType = sourcecode.c.h; name = HentaiPhotoCell.h; path = HentaiPhotoCell/HentaiPhotoCell.h; sourceTree = "<group>"; };
		01BBD5FF19E3D428003538CF /* HentaiPhotoCell.m */ = {isa = PBXFileReference; fileEncoding = 4; lastKnownFileType = sourcecode.c.objc; name = HentaiPhotoCell.m; path = HentaiPhotoCell/HentaiPhotoCell.m; sourceTree = "<group>"; };
		01BBD60019E3D428003538CF /* HentaiPhotoCell.xib */ = {isa = PBXFileReference; fileEncoding = 4; lastKnownFileType = file.xib; name = HentaiPhotoCell.xib; path = HentaiPhotoCell/HentaiPhotoCell.xib; sourceTree = "<group>"; };
		01CD0E2B19DE808B006155FD /* DownloadManagerViewController.h */ = {isa = PBXFileReference; fileEncoding = 4; lastKnownFileType = sourcecode.c.h; name = DownloadManagerViewController.h; path = DownloadManagerViewController/DownloadManagerViewController.h; sourceTree = "<group>"; };
		01CD0E2C19DE808B006155FD /* DownloadManagerViewController.m */ = {isa = PBXFileReference; fileEncoding = 4; lastKnownFileType = sourcecode.c.objc; name = DownloadManagerViewController.m; path = DownloadManagerViewController/DownloadManagerViewController.m; sourceTree = "<group>"; };
		01D068E11A5AACF40062971E /* UIView+Hentai.h */ = {isa = PBXFileReference; fileEncoding = 4; lastKnownFileType = sourcecode.c.h; path = "UIView+Hentai.h"; sourceTree = "<group>"; };
		01D068E21A5AACF40062971E /* UIView+Hentai.m */ = {isa = PBXFileReference; fileEncoding = 4; lastKnownFileType = sourcecode.c.objc; path = "UIView+Hentai.m"; sourceTree = "<group>"; };
		01FB6FD219E23FB4006CBEF2 /* NSString+Hentai.h */ = {isa = PBXFileReference; fileEncoding = 4; lastKnownFileType = sourcecode.c.h; path = "NSString+Hentai.h"; sourceTree = "<group>"; };
		01FB6FD319E23FB4006CBEF2 /* NSString+Hentai.m */ = {isa = PBXFileReference; fileEncoding = 4; lastKnownFileType = sourcecode.c.objc; path = "NSString+Hentai.m"; sourceTree = "<group>"; };
		261F8AFB3698803CDFFF992B /* Pods.debug.xcconfig */ = {isa = PBXFileReference; includeInIndex = 1; lastKnownFileType = text.xcconfig; name = Pods.debug.xcconfig; path = "Pods/Target Support Files/Pods/Pods.debug.xcconfig"; sourceTree = "<group>"; };
		A3229B245A679B69931BB8A7 /* Pods.release.xcconfig */ = {isa = PBXFileReference; includeInIndex = 1; lastKnownFileType = text.xcconfig; name = Pods.release.xcconfig; path = "Pods/Target Support Files/Pods/Pods.release.xcconfig"; sourceTree = "<group>"; };
		E356769FC894496F8A03AC25 /* libPods.a */ = {isa = PBXFileReference; explicitFileType = archive.ar; includeInIndex = 0; path = libPods.a; sourceTree = BUILT_PRODUCTS_DIR; };
/* End PBXFileReference section */

/* Begin PBXFrameworksBuildPhase section */
		0199268219ADDB83009F814B /* Frameworks */ = {
			isa = PBXFrameworksBuildPhase;
			buildActionMask = 2147483647;
			files = (
				0199268B19ADDB83009F814B /* CoreGraphics.framework in Frameworks */,
				010E3AE319E3B95200B866FB /* CoreText.framework in Frameworks */,
				010E3AE119E3B94700B866FB /* SystemConfiguration.framework in Frameworks */,
				010E3ADF19E3B93800B866FB /* MobileCoreServices.framework in Frameworks */,
				016DADA619E3940C00E528BE /* Security.framework in Frameworks */,
				01B423211A44136400FAB920 /* Pgyer.a in Frameworks */,
				016DADA419E393EB00E528BE /* CoreMotion.framework in Frameworks */,
				0131908E1A4A5C6B0056F2E6 /* libFlurry_6.0.0.a in Frameworks */,
				016DADA219E393DF00E528BE /* CoreLocation.framework in Frameworks */,
				016DADA019E393D600E528BE /* AssetsLibrary.framework in Frameworks */,
				016DAD9E19E393C300E528BE /* MediaPlayer.framework in Frameworks */,
				016DAD9C19E393B900E528BE /* AddressBook.framework in Frameworks */,
				0199268D19ADDB83009F814B /* UIKit.framework in Frameworks */,
				0199268919ADDB83009F814B /* Foundation.framework in Frameworks */,
				32CA5E85EA0A4F0184817634 /* libPods.a in Frameworks */,
			);
			runOnlyForDeploymentPostprocessing = 0;
		};
/* End PBXFrameworksBuildPhase section */

/* Begin PBXGroup section */
		0118080519B6F06200FE0DA1 /* Common */ = {
			isa = PBXGroup;
			children = (
				0118080619B6F06200FE0DA1 /* FakeViewController.h */,
				0118080719B6F06200FE0DA1 /* FakeViewController.m */,
				0118080819B6F06200FE0DA1 /* HentaiNavigationController.h */,
				0118080919B6F06200FE0DA1 /* HentaiNavigationController.m */,
				0107D9A819DBF656006C5673 /* UIAlertView+Hentai.h */,
				0107D9A919DBF656006C5673 /* UIAlertView+Hentai.m */,
				01FB6FD219E23FB4006CBEF2 /* NSString+Hentai.h */,
				01FB6FD319E23FB4006CBEF2 /* NSString+Hentai.m */,
				01A166EA19E28D5E00203360 /* NSDictionary+Hentai.h */,
				01A166EB19E28D5E00203360 /* NSDictionary+Hentai.m */,
				0103B8BD1A01E6FC00CF314F /* ColorThemeViewController.h */,
				0103B8BE1A01E6FC00CF314F /* ColorThemeViewController.m */,
				01234D481A5A72B8003ADD31 /* OpenMenuProtocol.h */,
				01D068E11A5AACF40062971E /* UIView+Hentai.h */,
				01D068E21A5AACF40062971E /* UIView+Hentai.m */,
				0125A3641A5AD2EB00C52987 /* UIImageView+Hentai.h */,
				0125A3651A5AD2EB00C52987 /* UIImageView+Hentai.m */,
			);
			path = Common;
			sourceTree = "<group>";
		};
		0118080A19B6F06200FE0DA1 /* MainViewController */ = {
			isa = PBXGroup;
			children = (
				0118080E19B6F06200FE0DA1 /* MainViewController.h */,
				0118080F19B6F06200FE0DA1 /* MainViewController.m */,
				017AE5BE1A00D22E00317939 /* SearchFilterViewController */,
				01821A171A5A76DA007E5A76 /* MainTableViewCell */,
			);
			path = MainViewController;
			sourceTree = "<group>";
		};
		0118081119B6F06200FE0DA1 /* PhotoViewController */ = {
			isa = PBXGroup;
			children = (
				0118081219B6F06200FE0DA1 /* PhotoViewController.h */,
				0118081319B6F06200FE0DA1 /* PhotoViewController.m */,
				0118081419B6F06200FE0DA1 /* PhotoViewController.xib */,
				01519AF01A3051280091C985 /* IPadPhotoViewController.xib */,
				01BBD5FD19E3D415003538CF /* HentaiPhotoCell */,
			);
			path = PhotoViewController;
			sourceTree = "<group>";
		};
		011AEA4E19DD28BA00A15CA5 /* SliderViewController */ = {
			isa = PBXGroup;
			children = (
				011AEA4F19DD28DE00A15CA5 /* SliderViewController.h */,
				011AEA5019DD28DE00A15CA5 /* SliderViewController.m */,
			);
			name = SliderViewController;
			sourceTree = "<group>";
		};
		011AEA5219DD294200A15CA5 /* MenuViewController */ = {
			isa = PBXGroup;
			children = (
				011AEA5919DD31B300A15CA5 /* Menu.plist */,
				011AEA5319DD296400A15CA5 /* MenuViewController.h */,
				011AEA5419DD296400A15CA5 /* MenuViewController.m */,
				0179766619E27EB200E9005E /* MenuDefaultCell */,
			);
			name = MenuViewController;
			sourceTree = "<group>";
		};
		012BE8441A5D335F00F599B8 /* ThemeColorChangeViewController */ = {
			isa = PBXGroup;
			children = (
				012BE8451A5D33B700F599B8 /* ThemeColorChangeViewController.h */,
				012BE8461A5D33B700F599B8 /* ThemeColorChangeViewController.m */,
			);
			name = ThemeColorChangeViewController;
			path = SettingViewController/ThemeColorChangeController;
			sourceTree = "<group>";
		};
		0131908B1A4A5C6B0056F2E6 /* Flurry */ = {
			isa = PBXGroup;
			children = (
				0131908C1A4A5C6B0056F2E6 /* Flurry.h */,
				0131908D1A4A5C6B0056F2E6 /* libFlurry_6.0.0.a */,
			);
			path = Flurry;
			sourceTree = "<group>";
		};
		0137F40919C1684500528359 /* HentaiDownloadCenter */ = {
			isa = PBXGroup;
			children = (
				0137F40A19C1688200528359 /* HentaiDownloadCenter.h */,
				0137F40B19C1688200528359 /* HentaiDownloadCenter.m */,
				0137F40D19C1695800528359 /* HentaiDownloadBookOperation.h */,
				0137F40E19C1695800528359 /* HentaiDownloadBookOperation.m */,
				016BBF1319B953D40015E11E /* HentaiDownloadImageOperation.h */,
				016BBF1419B953D40015E11E /* HentaiDownloadImageOperation.m */,
			);
			name = HentaiDownloadCenter;
			sourceTree = "<group>";
		};
		013F8F061A490B66002B8C47 /* RealmModels */ = {
			isa = PBXGroup;
			children = (
				013F8F081A490B66002B8C47 /* HentaiCacheLibrary */,
				013F8F0B1A490B66002B8C47 /* HentaiSaveLibrary */,
			);
			path = RealmModels;
			sourceTree = "<group>";
		};
		013F8F081A490B66002B8C47 /* HentaiCacheLibrary */ = {
			isa = PBXGroup;
			children = (
				01A907EE1A493A96006F4179 /* HentaiCacheLibrary.h */,
				01A907EF1A493A96006F4179 /* HentaiCacheLibrary.m */,
			);
			path = HentaiCacheLibrary;
			sourceTree = "<group>";
		};
		013F8F0B1A490B66002B8C47 /* HentaiSaveLibrary */ = {
			isa = PBXGroup;
			children = (
				013F8F0C1A490BB1002B8C47 /* HentaiSaveLibrary_HentaiInfo.h */,
				013F8F0D1A490BB1002B8C47 /* HentaiSaveLibrary_HentaiInfo.m */,
				013F8F0F1A490D59002B8C47 /* HentaiSaveLibrary_HentaiResult.h */,
				013F8F101A490D59002B8C47 /* HentaiSaveLibrary_HentaiResult.m */,
				013F8F121A490DBA002B8C47 /* HentaiSaveLibrary_Images.h */,
				013F8F131A490DBA002B8C47 /* HentaiSaveLibrary_Images.m */,
				013F8F151A490E06002B8C47 /* HentaiSaveLibrary.h */,
				013F8F161A490E06002B8C47 /* HentaiSaveLibrary.m */,
			);
			path = HentaiSaveLibrary;
			sourceTree = "<group>";
		};
		0150033319B6E5E90055F47D /* HentaiParser */ = {
			isa = PBXGroup;
			children = (
				016A359D19B6FB8A00E3371A /* HentaiParser.h */,
				016A359E19B6FB8A00E3371A /* HentaiParser.m */,
			);
			path = HentaiParser;
			sourceTree = "<group>";
		};
		0150033619B6E5E90055F47D /* ThirdParty */ = {
			isa = PBXGroup;
			children = (
				0131908B1A4A5C6B0056F2E6 /* Flurry */,
				01B4231E1A44136400FAB920 /* Pgyer */,
				019290161A25D6C70094B423 /* DaiPortal */,
				016BBEF919B94E4F0015E11E /* FilesManager */,
				016BBEFE19B94E4F0015E11E /* LightWeightPlist */,
				0150033719B6E5E90055F47D /* Hpple */,
			);
			path = ThirdParty;
			sourceTree = "<group>";
		};
		0150033719B6E5E90055F47D /* Hpple */ = {
			isa = PBXGroup;
			children = (
				0150033819B6E5E90055F47D /* TFHpple.h */,
				0150033919B6E5E90055F47D /* TFHpple.m */,
				0150033A19B6E5E90055F47D /* TFHppleElement.h */,
				0150033B19B6E5E90055F47D /* TFHppleElement.m */,
				0150033C19B6E5E90055F47D /* XPathQuery.h */,
				0150033D19B6E5E90055F47D /* XPathQuery.m */,
			);
			path = Hpple;
			sourceTree = "<group>";
		};
		01622DDB1A6F415F004D0632 /* DownloadedGroupViewController */ = {
			isa = PBXGroup;
			children = (
				01622DE51A6F4192004D0632 /* DownloadedGroupViewController.h */,
				01622DDC1A6F415F004D0632 /* DownloadedGroupViewController.m */,
				01813D2F1A6F7E87006DA12A /* DownloadedGroupSearchViewController */,
				01622DDD1A6F415F004D0632 /* DownloadedViewController */,
			);
			path = DownloadedGroupViewController;
			sourceTree = "<group>";
		};
		01622DDD1A6F415F004D0632 /* DownloadedViewController */ = {
			isa = PBXGroup;
			children = (
				01622DDF1A6F415F004D0632 /* DownloadedViewController.h */,
				01622DE31A6F418B004D0632 /* DownloadedViewController.m */,
			);
			path = DownloadedViewController;
			sourceTree = "<group>";
		};
		0163E46F1A3FD019007C3D58 /* DiveExHentai */ = {
			isa = PBXGroup;
			children = (
				0163E4701A3FD019007C3D58 /* DiveExHentai.h */,
				0163E4711A3FD019007C3D58 /* DiveExHentai.m */,
			);
			path = DiveExHentai;
			sourceTree = "<group>";
		};
		016BBEF919B94E4F0015E11E /* FilesManager */ = {
			isa = PBXGroup;
			children = (
				016BBEFA19B94E4F0015E11E /* FilesManager.h */,
				016BBEFB19B94E4F0015E11E /* FilesManager.m */,
				016BBEFC19B94E4F0015E11E /* FMStream.h */,
				016BBEFD19B94E4F0015E11E /* FMStream.m */,
			);
			path = FilesManager;
			sourceTree = "<group>";
		};
		016BBEFE19B94E4F0015E11E /* LightWeightPlist */ = {
			isa = PBXGroup;
			children = (
				016BBEFF19B94E4F0015E11E /* LightWeightPlist+AccessObject.h */,
				016BBF0019B94E4F0015E11E /* LightWeightPlist+AccessObject.m */,
				016BBF0119B94E4F0015E11E /* LightWeightPlist+FilePath.h */,
				016BBF0219B94E4F0015E11E /* LightWeightPlist+FilePath.m */,
				016BBF0319B94E4F0015E11E /* LightWeightPlist+HandleCache.h */,
				016BBF0419B94E4F0015E11E /* LightWeightPlist+HandleCache.m */,
				016BBF0519B94E4F0015E11E /* LightWeightPlist+SourceFromDisk.h */,
				016BBF0619B94E4F0015E11E /* LightWeightPlist+SourceFromDisk.m */,
				016BBF0719B94E4F0015E11E /* LightWeightPlist.h */,
				016BBF0819B94E4F0015E11E /* LightWeightPlist.m */,
				016BBF0919B94E4F0015E11E /* LightWeightPlistObjects.h */,
				016BBF0A19B94E4F0015E11E /* LightWeightPlistObjects.m */,
			);
			path = LightWeightPlist;
			sourceTree = "<group>";
		};
		0171C4371A9C1D0100320AA8 /* PortalCore */ = {
			isa = PBXGroup;
			children = (
				0171C4381A9C1D0100320AA8 /* DaiPortal+Internal.h */,
				0171C4391A9C1D0100320AA8 /* DaiPortal+Internal.m */,
				0171C43A1A9C1D0100320AA8 /* DaiPortal+Reciver.h */,
				0171C43B1A9C1D0100320AA8 /* DaiPortal+Reciver.m */,
				0171C43C1A9C1D0100320AA8 /* DaiPortal+Sender.h */,
				0171C43D1A9C1D0100320AA8 /* DaiPortal+Sender.m */,
				0171C43E1A9C1D0100320AA8 /* DaiPortal.h */,
				0171C43F1A9C1D0100320AA8 /* DaiPortal.m */,
			);
			path = PortalCore;
			sourceTree = "<group>";
		};
		0171C4401A9C1D0100320AA8 /* PortalUtility */ = {
			isa = PBXGroup;
			children = (
				0171C4411A9C1D0100320AA8 /* DaiPortalBlockAnalysis.h */,
				0171C4421A9C1D0100320AA8 /* DaiPortalBlockAnalysis.m */,
				0171C4431A9C1D0100320AA8 /* DaiPortalMessager.h */,
				0171C4441A9C1D0100320AA8 /* DaiPortalMessager.m */,
				0171C4451A9C1D0100320AA8 /* DaiPortalMetaMacros.h */,
				0171C4461A9C1D0100320AA8 /* DaiPortalPackage.h */,
				0171C4471A9C1D0100320AA8 /* DaiPortalPackage.m */,
				0171C4481A9C1D0100320AA8 /* SFExecuteOnDeallocInternalObject.h */,
				0171C4491A9C1D0100320AA8 /* SFExecuteOnDeallocInternalObject.m */,
			);
			path = PortalUtility;
			sourceTree = "<group>";
		};
		01758F711A3FE05300677BA2 /* ExMainViewController */ = {
			isa = PBXGroup;
			children = (
				01758F721A3FE07400677BA2 /* ExMainViewController.h */,
				01758F731A3FE07400677BA2 /* ExMainViewController.m */,
			);
			path = ExMainViewController;
			sourceTree = "<group>";
		};
		0179766019E27E7B00E9005E /* DownloadManagerCell */ = {
			isa = PBXGroup;
			children = (
				0179766119E27E8D00E9005E /* DownloadManagerCell.h */,
				0179766219E27E8D00E9005E /* DownloadManagerCell.m */,
				0179766319E27E8D00E9005E /* DownloadManagerCell.xib */,
				01519AF41A3053BA0091C985 /* IPadDownloadManagerCell.xib */,
			);
			name = DownloadManagerCell;
			sourceTree = "<group>";
		};
		0179766619E27EB200E9005E /* MenuDefaultCell */ = {
			isa = PBXGroup;
			children = (
				0179766719E27EC100E9005E /* MenuDefaultCell.h */,
				0179766819E27EC100E9005E /* MenuDefaultCell.m */,
			);
			name = MenuDefaultCell;
			sourceTree = "<group>";
		};
		017AE5BE1A00D22E00317939 /* SearchFilterViewController */ = {
			isa = PBXGroup;
			children = (
				017AE5C41A00D26A00317939 /* HentaiFilters.plist */,
				017AE5C61A00D7DD00317939 /* HentaiPrefer.plist */,
				019A28CE1A64F16D006C1618 /* SearchFilterV2ViewController.h */,
				019A28CF1A64F16D006C1618 /* SearchFilterV2ViewController.m */,
			);
			name = SearchFilterViewController;
			sourceTree = "<group>";
		};
		0180D9131A0210A8002554FC /* images */ = {
			isa = PBXGroup;
			children = (
				0180D9141A0210A8002554FC /* MenuViewController */,
			);
			path = images;
			sourceTree = "<group>";
		};
		0180D9141A0210A8002554FC /* MenuViewController */ = {
			isa = PBXGroup;
			children = (
				0180D92D1A0214AD002554FC /* delivery@2x.png */,
				0180D92E1A0214AD002554FC /* delivery@3x.png */,
				0180D9291A02140E002554FC /* settings@2x.png */,
				0180D92A1A02140E002554FC /* settings@3x.png */,
				0180D9251A02139F002554FC /* phone2@2x.png */,
				0180D9261A02139F002554FC /* phone2@3x.png */,
				0180D91D1A0212C8002554FC /* dropbox_copyrighted@2x.png */,
				0180D91E1A0212C8002554FC /* dropbox_copyrighted@3x.png */,
				0180D9151A0210FB002554FC /* exterior@2x.png */,
				0180D91A1A021282002554FC /* exterior@3x.png */,
			);
			path = MenuViewController;
			sourceTree = "<group>";
		};
		01813D2F1A6F7E87006DA12A /* DownloadedGroupSearchViewController */ = {
			isa = PBXGroup;
			children = (
				01813D301A6F7E9C006DA12A /* DownloadedGroupFilterViewController.h */,
				01813D311A6F7E9C006DA12A /* DownloadedGroupFilterViewController.m */,
			);
			path = DownloadedGroupSearchViewController;
			sourceTree = "<group>";
		};
		01821A171A5A76DA007E5A76 /* MainTableViewCell */ = {
			isa = PBXGroup;
			children = (
				01821A181A5A76FA007E5A76 /* MainTableViewCell.h */,
				01821A191A5A76FA007E5A76 /* MainTableViewCell.m */,
				01821A1A1A5A76FA007E5A76 /* MainTableViewCell.xib */,
				017A536B1A5ABF6F0032C032 /* IPadMainTableViewCell.xib */,
			);
			path = MainTableViewCell;
			sourceTree = "<group>";
		};
		019290161A25D6C70094B423 /* DaiPortal */ = {
			isa = PBXGroup;
			children = (
				0192901F1A25D6C70094B423 /* NSObject+DaiPortal.h */,
				019290201A25D6C70094B423 /* NSObject+DaiPortal.m */,
				0171C4371A9C1D0100320AA8 /* PortalCore */,
				0171C4401A9C1D0100320AA8 /* PortalUtility */,
			);
			path = DaiPortal;
			sourceTree = "<group>";
		};
		0199267C19ADDB83009F814B = {
			isa = PBXGroup;
			children = (
				0199268E19ADDB83009F814B /* e-Hentai */,
				0199268719ADDB83009F814B /* Frameworks */,
				0199268619ADDB83009F814B /* Products */,
				215E23A237E99B5BA75171C3 /* Pods */,
			);
			sourceTree = "<group>";
		};
		0199268619ADDB83009F814B /* Products */ = {
			isa = PBXGroup;
			children = (
				0199268519ADDB83009F814B /* e-Hentai.app */,
			);
			name = Products;
			sourceTree = "<group>";
		};
		0199268719ADDB83009F814B /* Frameworks */ = {
			isa = PBXGroup;
			children = (
				010E3AE219E3B95200B866FB /* CoreText.framework */,
				010E3AE019E3B94700B866FB /* SystemConfiguration.framework */,
				010E3ADE19E3B93800B866FB /* MobileCoreServices.framework */,
				016DADA519E3940C00E528BE /* Security.framework */,
				016DADA319E393EB00E528BE /* CoreMotion.framework */,
				016DADA119E393DF00E528BE /* CoreLocation.framework */,
				016DAD9F19E393D600E528BE /* AssetsLibrary.framework */,
				016DAD9D19E393C300E528BE /* MediaPlayer.framework */,
				016DAD9B19E393B900E528BE /* AddressBook.framework */,
				0199268819ADDB83009F814B /* Foundation.framework */,
				0199268A19ADDB83009F814B /* CoreGraphics.framework */,
				0199268C19ADDB83009F814B /* UIKit.framework */,
				019926A719ADDB83009F814B /* XCTest.framework */,
				E356769FC894496F8A03AC25 /* libPods.a */,
			);
			name = Frameworks;
			sourceTree = "<group>";
		};
		0199268E19ADDB83009F814B /* e-Hentai */ = {
			isa = PBXGroup;
			children = (
				013F8F061A490B66002B8C47 /* RealmModels */,
				0137F40919C1684500528359 /* HentaiDownloadCenter */,
				01BB0FBE1A6CDB51002FEFC7 /* GroupManager */,
				0150033319B6E5E90055F47D /* HentaiParser */,
				0163E46F1A3FD019007C3D58 /* DiveExHentai */,
				0150033619B6E5E90055F47D /* ThirdParty */,
				0118080519B6F06200FE0DA1 /* Common */,
				0199269719ADDB83009F814B /* AppDelegate.h */,
				0199269819ADDB83009F814B /* AppDelegate.m */,
				01310BD31A00ABBC00C78DFE /* AppDelegate+SupportKit.h */,
				01310BD41A00ABBC00C78DFE /* AppDelegate+SupportKit.m */,
				011AEA4E19DD28BA00A15CA5 /* SliderViewController */,
				011AEA5219DD294200A15CA5 /* MenuViewController */,
				0118080A19B6F06200FE0DA1 /* MainViewController */,
				01758F711A3FE05300677BA2 /* ExMainViewController */,
				01622DDB1A6F415F004D0632 /* DownloadedGroupViewController */,
				01CD0E2A19DE8058006155FD /* DownloadManagerViewController */,
				01BFAD4D19DE430A00A5649F /* SettingViewController */,
				0118081119B6F06200FE0DA1 /* PhotoViewController */,
				019926A019ADDB83009F814B /* Images.xcassets */,
				0199268F19ADDB83009F814B /* Supporting Files */,
			);
			path = "e-Hentai";
			sourceTree = "<group>";
		};
		0199268F19ADDB83009F814B /* Supporting Files */ = {
			isa = PBXGroup;
			children = (
				0180D9131A0210A8002554FC /* images */,
				015B89E619FF9B2500CFA9DE /* SupportKitLocalizable.strings */,
				0199269019ADDB83009F814B /* e-Hentai-Info.plist */,
				0199269119ADDB83009F814B /* InfoPlist.strings */,
				0199269419ADDB83009F814B /* main.m */,
				0199269619ADDB83009F814B /* e-Hentai-Prefix.pch */,
			);
			name = "Supporting Files";
			sourceTree = "<group>";
		};
		019E11811A5D19510053581F /* HentaiSettingManager */ = {
			isa = PBXGroup;
			children = (
				019E11821A5D198F0053581F /* HentaiSettingManager.h */,
				019E11831A5D198F0053581F /* HentaiSettingManager.m */,
			);
			name = HentaiSettingManager;
			path = SettingViewController/SettingManager;
			sourceTree = "<group>";
		};
		01B4231E1A44136400FAB920 /* Pgyer */ = {
			isa = PBXGroup;
			children = (
				01B4231F1A44136400FAB920 /* Pgyer.a */,
				01B423201A44136400FAB920 /* Pgyer.h */,
			);
			path = Pgyer;
			sourceTree = "<group>";
		};
		01BB0FBE1A6CDB51002FEFC7 /* GroupManager */ = {
			isa = PBXGroup;
			children = (
				01BB0FBF1A6CDBBF002FEFC7 /* GroupManager.h */,
				01BB0FC01A6CDBBF002FEFC7 /* GroupManager.m */,
				01051A921A6CDE1A00DE3461 /* GroupSelectViewController.h */,
				01051A931A6CDE1A00DE3461 /* GroupSelectViewController.m */,
			);
			path = GroupManager;
			sourceTree = "<group>";
		};
		01BBD5FD19E3D415003538CF /* HentaiPhotoCell */ = {
			isa = PBXGroup;
			children = (
				01BBD5FE19E3D428003538CF /* HentaiPhotoCell.h */,
				01BBD5FF19E3D428003538CF /* HentaiPhotoCell.m */,
				01BBD60019E3D428003538CF /* HentaiPhotoCell.xib */,
			);
			name = HentaiPhotoCell;
			sourceTree = "<group>";
		};
		01BFAD4D19DE430A00A5649F /* SettingViewController */ = {
			isa = PBXGroup;
			children = (
				018258411A5FC39800FA4678 /* HentaiSettingsV2.plist */,
				01AD623C1A5797D500962CBD /* SettingV2ViewController.h */,
				01AD623D1A5797D500962CBD /* SettingV2ViewController.m */,
				012BE8441A5D335F00F599B8 /* ThemeColorChangeViewController */,
				019E11811A5D19510053581F /* HentaiSettingManager */,
			);
			name = SettingViewController;
			sourceTree = "<group>";
		};
		01CD0E2A19DE8058006155FD /* DownloadManagerViewController */ = {
			isa = PBXGroup;
			children = (
				01CD0E2B19DE808B006155FD /* DownloadManagerViewController.h */,
				01CD0E2C19DE808B006155FD /* DownloadManagerViewController.m */,
				0179766019E27E7B00E9005E /* DownloadManagerCell */,
			);
			name = DownloadManagerViewController;
			sourceTree = "<group>";
		};
		215E23A237E99B5BA75171C3 /* Pods */ = {
			isa = PBXGroup;
			children = (
				261F8AFB3698803CDFFF992B /* Pods.debug.xcconfig */,
				A3229B245A679B69931BB8A7 /* Pods.release.xcconfig */,
			);
			name = Pods;
			sourceTree = "<group>";
		};
/* End PBXGroup section */

/* Begin PBXNativeTarget section */
		0199268419ADDB83009F814B /* e-Hentai */ = {
			isa = PBXNativeTarget;
			buildConfigurationList = 019926B719ADDB83009F814B /* Build configuration list for PBXNativeTarget "e-Hentai" */;
			buildPhases = (
				31D7142371B842CCABA93E38 /* Check Pods Manifest.lock */,
				0199268119ADDB83009F814B /* Sources */,
				0199268219ADDB83009F814B /* Frameworks */,
				0199268319ADDB83009F814B /* Resources */,
				05038E7270B743ACB9E277E0 /* Copy Pods Resources */,
			);
			buildRules = (
			);
			dependencies = (
			);
			name = "e-Hentai";
			productName = "e-Hentai";
			productReference = 0199268519ADDB83009F814B /* e-Hentai.app */;
			productType = "com.apple.product-type.application";
		};
/* End PBXNativeTarget section */

/* Begin PBXProject section */
		0199267D19ADDB83009F814B /* Project object */ = {
			isa = PBXProject;
			attributes = {
				LastUpgradeCheck = 0510;
				ORGANIZATIONNAME = ChilunChen;
				TargetAttributes = {
					0199268419ADDB83009F814B = {
						DevelopmentTeam = Y6TM8J7448;
					};
				};
			};
			buildConfigurationList = 0199268019ADDB83009F814B /* Build configuration list for PBXProject "e-Hentai" */;
			compatibilityVersion = "Xcode 3.2";
			developmentRegion = English;
			hasScannedForEncodings = 0;
			knownRegions = (
				en,
				Base,
				"zh-Hant",
			);
			mainGroup = 0199267C19ADDB83009F814B;
			productRefGroup = 0199268619ADDB83009F814B /* Products */;
			projectDirPath = "";
			projectRoot = "";
			targets = (
				0199268419ADDB83009F814B /* e-Hentai */,
			);
		};
/* End PBXProject section */

/* Begin PBXResourcesBuildPhase section */
		0199268319ADDB83009F814B /* Resources */ = {
			isa = PBXResourcesBuildPhase;
			buildActionMask = 2147483647;
			files = (
				0180D91C1A021282002554FC /* exterior@3x.png in Resources */,
				018258421A5FC39800FA4678 /* HentaiSettingsV2.plist in Resources */,
				019926A119ADDB83009F814B /* Images.xcassets in Resources */,
				0179766519E27E8D00E9005E /* DownloadManagerCell.xib in Resources */,
				017AE5C71A00D7DD00317939 /* HentaiPrefer.plist in Resources */,
				01821A1C1A5A76FA007E5A76 /* MainTableViewCell.xib in Resources */,
				017A536C1A5ABF6F0032C032 /* IPadMainTableViewCell.xib in Resources */,
				01519AF51A3053BA0091C985 /* IPadDownloadManagerCell.xib in Resources */,
				0180D91F1A0212C8002554FC /* dropbox_copyrighted@2x.png in Resources */,
				017AE5C51A00D26A00317939 /* HentaiFilters.plist in Resources */,
				0180D9271A02139F002554FC /* phone2@2x.png in Resources */,
				0118081C19B6F06200FE0DA1 /* PhotoViewController.xib in Resources */,
				011AEA5A19DD31B300A15CA5 /* Menu.plist in Resources */,
				0180D9161A0210FB002554FC /* exterior@2x.png in Resources */,
				0180D92F1A0214AD002554FC /* delivery@2x.png in Resources */,
				0199269319ADDB83009F814B /* InfoPlist.strings in Resources */,
				0180D9201A0212C8002554FC /* dropbox_copyrighted@3x.png in Resources */,
				0180D9301A0214AD002554FC /* delivery@3x.png in Resources */,
				0180D92B1A02140E002554FC /* settings@2x.png in Resources */,
				01519AF11A3051280091C985 /* IPadPhotoViewController.xib in Resources */,
				01BBD60219E3D428003538CF /* HentaiPhotoCell.xib in Resources */,
				015B89E819FF9B2500CFA9DE /* SupportKitLocalizable.strings in Resources */,
				0180D92C1A02140E002554FC /* settings@3x.png in Resources */,
				0180D9281A02139F002554FC /* phone2@3x.png in Resources */,
			);
			runOnlyForDeploymentPostprocessing = 0;
		};
/* End PBXResourcesBuildPhase section */

/* Begin PBXShellScriptBuildPhase section */
		05038E7270B743ACB9E277E0 /* Copy Pods Resources */ = {
			isa = PBXShellScriptBuildPhase;
			buildActionMask = 2147483647;
			files = (
			);
			inputPaths = (
			);
			name = "Copy Pods Resources";
			outputPaths = (
			);
			runOnlyForDeploymentPostprocessing = 0;
			shellPath = /bin/sh;
			shellScript = "\"${SRCROOT}/Pods/Target Support Files/Pods/Pods-resources.sh\"\n";
			showEnvVarsInLog = 0;
		};
		31D7142371B842CCABA93E38 /* Check Pods Manifest.lock */ = {
			isa = PBXShellScriptBuildPhase;
			buildActionMask = 2147483647;
			files = (
			);
			inputPaths = (
			);
			name = "Check Pods Manifest.lock";
			outputPaths = (
			);
			runOnlyForDeploymentPostprocessing = 0;
			shellPath = /bin/sh;
			shellScript = "diff \"${PODS_ROOT}/../Podfile.lock\" \"${PODS_ROOT}/Manifest.lock\" > /dev/null\nif [[ $? != 0 ]] ; then\n    cat << EOM\nerror: The sandbox is not in sync with the Podfile.lock. Run 'pod install' or update your CocoaPods installation.\nEOM\n    exit 1\nfi\n";
			showEnvVarsInLog = 0;
		};
/* End PBXShellScriptBuildPhase section */

/* Begin PBXSourcesBuildPhase section */
		0199268119ADDB83009F814B /* Sources */ = {
			isa = PBXSourcesBuildPhase;
			buildActionMask = 2147483647;
			files = (
				0103B8BF1A01E6FC00CF314F /* ColorThemeViewController.m in Sources */,
				0107D9AA19DBF656006C5673 /* UIAlertView+Hentai.m in Sources */,
				0118081919B6F06200FE0DA1 /* MainViewController.m in Sources */,
				016BBF0D19B94E4F0015E11E /* LightWeightPlist+AccessObject.m in Sources */,
				0150034519B6E5E90055F47D /* TFHppleElement.m in Sources */,
				0171C44E1A9C1D0100320AA8 /* DaiPortalBlockAnalysis.m in Sources */,
				0171C44B1A9C1D0100320AA8 /* DaiPortal+Reciver.m in Sources */,
				016BBF0C19B94E4F0015E11E /* FMStream.m in Sources */,
				01821A1B1A5A76FA007E5A76 /* MainTableViewCell.m in Sources */,
				013F8F111A490D59002B8C47 /* HentaiSaveLibrary_HentaiResult.m in Sources */,
				0150034619B6E5E90055F47D /* XPathQuery.m in Sources */,
				01FB6FD419E23FB4006CBEF2 /* NSString+Hentai.m in Sources */,
				013F8F0E1A490BB1002B8C47 /* HentaiSaveLibrary_HentaiInfo.m in Sources */,
				0171C4501A9C1D0100320AA8 /* DaiPortalPackage.m in Sources */,
				016BBF0F19B94E4F0015E11E /* LightWeightPlist+HandleCache.m in Sources */,
				0118081619B6F06200FE0DA1 /* HentaiNavigationController.m in Sources */,
				016BBF1519B953D40015E11E /* HentaiDownloadImageOperation.m in Sources */,
				01758F741A3FE07400677BA2 /* ExMainViewController.m in Sources */,
				0125A3661A5AD2EB00C52987 /* UIImageView+Hentai.m in Sources */,
				0171C44A1A9C1D0100320AA8 /* DaiPortal+Internal.m in Sources */,
				013F8F141A490DBA002B8C47 /* HentaiSaveLibrary_Images.m in Sources */,
				01CD0E2E19DE808B006155FD /* DownloadManagerViewController.m in Sources */,
				0171C44C1A9C1D0100320AA8 /* DaiPortal+Sender.m in Sources */,
				0150034419B6E5E90055F47D /* TFHpple.m in Sources */,
				0199269919ADDB83009F814B /* AppDelegate.m in Sources */,
				0118081519B6F06200FE0DA1 /* FakeViewController.m in Sources */,
				0118081B19B6F06200FE0DA1 /* PhotoViewController.m in Sources */,
				01051A941A6CDE1A00DE3461 /* GroupSelectViewController.m in Sources */,
				01622DE11A6F415F004D0632 /* DownloadedGroupViewController.m in Sources */,
				0137F40F19C1695800528359 /* HentaiDownloadBookOperation.m in Sources */,
				01622DE41A6F418B004D0632 /* DownloadedViewController.m in Sources */,
				016BBF1019B94E4F0015E11E /* LightWeightPlist+SourceFromDisk.m in Sources */,
				0171C44F1A9C1D0100320AA8 /* DaiPortalMessager.m in Sources */,
				0171C44D1A9C1D0100320AA8 /* DaiPortal.m in Sources */,
				01A166EC19E28D5E00203360 /* NSDictionary+Hentai.m in Sources */,
				01AD623E1A5797D500962CBD /* SettingV2ViewController.m in Sources */,
				011AEA5119DD28DE00A15CA5 /* SliderViewController.m in Sources */,
				019290251A25D6C70094B423 /* NSObject+DaiPortal.m in Sources */,
				01BBD60119E3D428003538CF /* HentaiPhotoCell.m in Sources */,
				01BB0FC11A6CDBBF002FEFC7 /* GroupManager.m in Sources */,
				013F8F171A490E06002B8C47 /* HentaiSaveLibrary.m in Sources */,
				01D068E31A5AACF40062971E /* UIView+Hentai.m in Sources */,
				016BBF1119B94E4F0015E11E /* LightWeightPlist.m in Sources */,
				016BBF0B19B94E4F0015E11E /* FilesManager.m in Sources */,
				016BBF0E19B94E4F0015E11E /* LightWeightPlist+FilePath.m in Sources */,
				0137F40C19C1688200528359 /* HentaiDownloadCenter.m in Sources */,
				01813D321A6F7E9C006DA12A /* DownloadedGroupFilterViewController.m in Sources */,
				0163E4721A3FD019007C3D58 /* DiveExHentai.m in Sources */,
				019E11841A5D198F0053581F /* HentaiSettingManager.m in Sources */,
				0179766919E27EC100E9005E /* MenuDefaultCell.m in Sources */,
				0171C4511A9C1D0100320AA8 /* SFExecuteOnDeallocInternalObject.m in Sources */,
				016BBF1219B94E4F0015E11E /* LightWeightPlistObjects.m in Sources */,
				0199269519ADDB83009F814B /* main.m in Sources */,
				01A907F01A493A96006F4179 /* HentaiCacheLibrary.m in Sources */,
				012BE8471A5D33B700F599B8 /* ThemeColorChangeViewController.m in Sources */,
				01310BD51A00ABBC00C78DFE /* AppDelegate+SupportKit.m in Sources */,
				016A359F19B6FB8A00E3371A /* HentaiParser.m in Sources */,
				019A28D01A64F16D006C1618 /* SearchFilterV2ViewController.m in Sources */,
				0179766419E27E8D00E9005E /* DownloadManagerCell.m in Sources */,
				011AEA5619DD296400A15CA5 /* MenuViewController.m in Sources */,
			);
			runOnlyForDeploymentPostprocessing = 0;
		};
/* End PBXSourcesBuildPhase section */

/* Begin PBXVariantGroup section */
		015B89E619FF9B2500CFA9DE /* SupportKitLocalizable.strings */ = {
			isa = PBXVariantGroup;
			children = (
				015B89E719FF9B2500CFA9DE /* zh-Hant */,
			);
			name = SupportKitLocalizable.strings;
			sourceTree = "<group>";
		};
		0199269119ADDB83009F814B /* InfoPlist.strings */ = {
			isa = PBXVariantGroup;
			children = (
				0199269219ADDB83009F814B /* en */,
				015B89E419FF9AC900CFA9DE /* zh-Hant */,
			);
			name = InfoPlist.strings;
			sourceTree = "<group>";
		};
/* End PBXVariantGroup section */

/* Begin XCBuildConfiguration section */
		019926B519ADDB83009F814B /* Debug */ = {
			isa = XCBuildConfiguration;
			buildSettings = {
				ALWAYS_SEARCH_USER_PATHS = NO;
				CLANG_CXX_LANGUAGE_STANDARD = "gnu++0x";
				CLANG_CXX_LIBRARY = "libc++";
				CLANG_ENABLE_MODULES = YES;
				CLANG_ENABLE_OBJC_ARC = YES;
				CLANG_WARN_BOOL_CONVERSION = YES;
				CLANG_WARN_CONSTANT_CONVERSION = YES;
				CLANG_WARN_DIRECT_OBJC_ISA_USAGE = YES_ERROR;
				CLANG_WARN_EMPTY_BODY = YES;
				CLANG_WARN_ENUM_CONVERSION = YES;
				CLANG_WARN_INT_CONVERSION = YES;
				CLANG_WARN_OBJC_ROOT_CLASS = YES_ERROR;
				CLANG_WARN__DUPLICATE_METHOD_MATCH = YES;
				"CODE_SIGN_IDENTITY[sdk=iphoneos*]" = "iPhone Developer";
				COPY_PHASE_STRIP = NO;
				GCC_C_LANGUAGE_STANDARD = gnu99;
				GCC_DYNAMIC_NO_PIC = NO;
				GCC_OPTIMIZATION_LEVEL = 0;
				GCC_PREPROCESSOR_DEFINITIONS = (
					"DEBUG=1",
					"$(inherited)",
				);
				GCC_SYMBOLS_PRIVATE_EXTERN = NO;
				GCC_WARN_64_TO_32_BIT_CONVERSION = YES;
				GCC_WARN_ABOUT_RETURN_TYPE = YES_ERROR;
				GCC_WARN_UNDECLARED_SELECTOR = YES;
				GCC_WARN_UNINITIALIZED_AUTOS = YES_AGGRESSIVE;
				GCC_WARN_UNUSED_FUNCTION = YES;
				GCC_WARN_UNUSED_VARIABLE = YES;
				IPHONEOS_DEPLOYMENT_TARGET = 7.1;
				ONLY_ACTIVE_ARCH = YES;
				SDKROOT = iphoneos;
			};
			name = Debug;
		};
		019926B619ADDB83009F814B /* Release */ = {
			isa = XCBuildConfiguration;
			buildSettings = {
				ALWAYS_SEARCH_USER_PATHS = NO;
				CLANG_CXX_LANGUAGE_STANDARD = "gnu++0x";
				CLANG_CXX_LIBRARY = "libc++";
				CLANG_ENABLE_MODULES = YES;
				CLANG_ENABLE_OBJC_ARC = YES;
				CLANG_WARN_BOOL_CONVERSION = YES;
				CLANG_WARN_CONSTANT_CONVERSION = YES;
				CLANG_WARN_DIRECT_OBJC_ISA_USAGE = YES_ERROR;
				CLANG_WARN_EMPTY_BODY = YES;
				CLANG_WARN_ENUM_CONVERSION = YES;
				CLANG_WARN_INT_CONVERSION = YES;
				CLANG_WARN_OBJC_ROOT_CLASS = YES_ERROR;
				CLANG_WARN__DUPLICATE_METHOD_MATCH = YES;
				"CODE_SIGN_IDENTITY[sdk=iphoneos*]" = "iPhone Developer";
				COPY_PHASE_STRIP = YES;
				ENABLE_NS_ASSERTIONS = NO;
				GCC_C_LANGUAGE_STANDARD = gnu99;
				GCC_WARN_64_TO_32_BIT_CONVERSION = YES;
				GCC_WARN_ABOUT_RETURN_TYPE = YES_ERROR;
				GCC_WARN_UNDECLARED_SELECTOR = YES;
				GCC_WARN_UNINITIALIZED_AUTOS = YES_AGGRESSIVE;
				GCC_WARN_UNUSED_FUNCTION = YES;
				GCC_WARN_UNUSED_VARIABLE = YES;
				IPHONEOS_DEPLOYMENT_TARGET = 7.1;
				SDKROOT = iphoneos;
				VALIDATE_PRODUCT = YES;
			};
			name = Release;
		};
		019926B819ADDB83009F814B /* Debug */ = {
			isa = XCBuildConfiguration;
			baseConfigurationReference = 261F8AFB3698803CDFFF992B /* Pods.debug.xcconfig */;
			buildSettings = {
				ASSETCATALOG_COMPILER_APPICON_NAME = AppIcon;
				ASSETCATALOG_COMPILER_LAUNCHIMAGE_NAME = LaunchImage;
				CODE_SIGN_IDENTITY = "iPhone Developer";
				"CODE_SIGN_IDENTITY[sdk=iphoneos*]" = "iPhone Developer";
				FRAMEWORK_SEARCH_PATHS = "$(inherited)";
				GCC_PRECOMPILE_PREFIX_HEADER = YES;
				GCC_PREFIX_HEADER = "e-Hentai/e-Hentai-Prefix.pch";
				HEADER_SEARCH_PATHS = (
					"$(inherited)",
					/Applications/Xcode.app/Contents/Developer/Toolchains/XcodeDefault.xctoolchain/usr/include,
					"${SDKROOT}/usr/include/libxml2",
				);
				INFOPLIST_FILE = "e-Hentai/e-Hentai-Info.plist";
				IPHONEOS_DEPLOYMENT_TARGET = 7.0;
				LIBRARY_SEARCH_PATHS = (
					"$(inherited)",
					"$(PROJECT_DIR)/e-Hentai/ThirdParty/Pgyer",
					"$(PROJECT_DIR)/e-Hentai/ThirdParty/Flurry",
				);
				OTHER_LDFLAGS = "$(inherited)";
				PRODUCT_NAME = "e-Hentai";
				PROVISIONING_PROFILE = "";
				TARGETED_DEVICE_FAMILY = "1,2";
				WRAPPER_EXTENSION = app;
			};
			name = Debug;
		};
		019926B919ADDB83009F814B /* Release */ = {
			isa = XCBuildConfiguration;
			baseConfigurationReference = A3229B245A679B69931BB8A7 /* Pods.release.xcconfig */;
			buildSettings = {
				ASSETCATALOG_COMPILER_APPICON_NAME = AppIcon;
				ASSETCATALOG_COMPILER_LAUNCHIMAGE_NAME = LaunchImage;
				CODE_SIGN_IDENTITY = "iPhone Developer";
				"CODE_SIGN_IDENTITY[sdk=iphoneos*]" = "iPhone Developer";
				FRAMEWORK_SEARCH_PATHS = "$(inherited)";
				GCC_PRECOMPILE_PREFIX_HEADER = YES;
				GCC_PREFIX_HEADER = "e-Hentai/e-Hentai-Prefix.pch";
				HEADER_SEARCH_PATHS = (
					"$(inherited)",
					/Applications/Xcode.app/Contents/Developer/Toolchains/XcodeDefault.xctoolchain/usr/include,
					"${SDKROOT}/usr/include/libxml2",
				);
				INFOPLIST_FILE = "e-Hentai/e-Hentai-Info.plist";
				IPHONEOS_DEPLOYMENT_TARGET = 7.0;
				LIBRARY_SEARCH_PATHS = (
					"$(inherited)",
					"$(PROJECT_DIR)/e-Hentai/ThirdParty/Pgyer",
					"$(PROJECT_DIR)/e-Hentai/ThirdParty/Flurry",
				);
				OTHER_LDFLAGS = "$(inherited)";
				PRODUCT_NAME = "e-Hentai";
				PROVISIONING_PROFILE = "";
				TARGETED_DEVICE_FAMILY = "1,2";
				WRAPPER_EXTENSION = app;
			};
			name = Release;
		};
/* End XCBuildConfiguration section */

/* Begin XCConfigurationList section */
		0199268019ADDB83009F814B /* Build configuration list for PBXProject "e-Hentai" */ = {
			isa = XCConfigurationList;
			buildConfigurations = (
				019926B519ADDB83009F814B /* Debug */,
				019926B619ADDB83009F814B /* Release */,
			);
			defaultConfigurationIsVisible = 0;
			defaultConfigurationName = Release;
		};
		019926B719ADDB83009F814B /* Build configuration list for PBXNativeTarget "e-Hentai" */ = {
			isa = XCConfigurationList;
			buildConfigurations = (
				019926B819ADDB83009F814B /* Debug */,
				019926B919ADDB83009F814B /* Release */,
			);
			defaultConfigurationIsVisible = 0;
			defaultConfigurationName = Release;
		};
/* End XCConfigurationList section */
	};
	rootObject = 0199267D19ADDB83009F814B /* Project object */;
}
